// !$*UTF8*$!
{
	archiveVersion = 1;
	classes = {
	};
	objectVersion = 52;
	objects = {

/* Begin PBXBuildFile section */
		03341B3F23ABB1E7009AE8A8 /* AppDelegate.swift in Sources */ = {isa = PBXBuildFile; fileRef = 03341B3E23ABB1E7009AE8A8 /* AppDelegate.swift */; };
		03341B4323ABB1E7009AE8A8 /* MainTabViewModel.swift in Sources */ = {isa = PBXBuildFile; fileRef = 03341B4223ABB1E7009AE8A8 /* MainTabViewModel.swift */; };
		03341B4523ABB1E8009AE8A8 /* Assets.xcassets in Resources */ = {isa = PBXBuildFile; fileRef = 03341B4423ABB1E8009AE8A8 /* Assets.xcassets */; };
		03341B4823ABB1E8009AE8A8 /* Preview Assets.xcassets in Resources */ = {isa = PBXBuildFile; fileRef = 03341B4723ABB1E8009AE8A8 /* Preview Assets.xcassets */; };
		03341B4B23ABB1E8009AE8A8 /* LaunchScreen.storyboard in Resources */ = {isa = PBXBuildFile; fileRef = 03341B4923ABB1E8009AE8A8 /* LaunchScreen.storyboard */; };
		D50811E423FB72A3008103D8 /* StepBar.swift in Sources */ = {isa = PBXBuildFile; fileRef = D50811E323FB72A3008103D8 /* StepBar.swift */; };
		D50811E623FB769D008103D8 /* RequestLessonPlanViewModelTests.swift in Sources */ = {isa = PBXBuildFile; fileRef = D50811E523FB769D008103D8 /* RequestLessonPlanViewModelTests.swift */; };
		D50811E823FD73F0008103D8 /* Assets.swift in Sources */ = {isa = PBXBuildFile; fileRef = D50811E723FD73F0008103D8 /* Assets.swift */; };
		D50811EA23FD75ED008103D8 /* InstrumentSelectionViewModelTests.swift in Sources */ = {isa = PBXBuildFile; fileRef = D50811E923FD75ED008103D8 /* InstrumentSelectionViewModelTests.swift */; };
		D50811EC23FDA883008103D8 /* RequestLessonPlanViewData.swift in Sources */ = {isa = PBXBuildFile; fileRef = D50811EB23FDA883008103D8 /* RequestLessonPlanViewData.swift */; };
		D509898023B969B700C19300 /* GoogleService-Info-Release.plist in Resources */ = {isa = PBXBuildFile; fileRef = D509897F23B969B700C19300 /* GoogleService-Info-Release.plist */; };
		D509898523B9B5C100C19300 /* GoogleService-Info.plist in Resources */ = {isa = PBXBuildFile; fileRef = D509898423B9B5C100C19300 /* GoogleService-Info.plist */; };
		D509898923BA6B4600C19300 /* GoogleService-Info-Debug.plist in Resources */ = {isa = PBXBuildFile; fileRef = D509898823BA6B4600C19300 /* GoogleService-Info-Debug.plist */; };
		D509898D23BA787500C19300 /* OnboardingViewModel.swift in Sources */ = {isa = PBXBuildFile; fileRef = D509898C23BA787500C19300 /* OnboardingViewModel.swift */; };
		D509898F23BA79D600C19300 /* AuthorizationAppleIDButton.swift in Sources */ = {isa = PBXBuildFile; fileRef = D509898E23BA79D600C19300 /* AuthorizationAppleIDButton.swift */; };
		D5200E3923FDCEFD007168E0 /* StudentDetailsView.swift in Sources */ = {isa = PBXBuildFile; fileRef = D5200E3823FDCEFD007168E0 /* StudentDetailsView.swift */; };
		D5200E3B23FDCF35007168E0 /* StudentDetailsViewModel.swift in Sources */ = {isa = PBXBuildFile; fileRef = D5200E3A23FDCF35007168E0 /* StudentDetailsViewModel.swift */; };
		D5200E4023FDE460007168E0 /* MultiStyleText.swift in Sources */ = {isa = PBXBuildFile; fileRef = D5200E3F23FDE460007168E0 /* MultiStyleText.swift */; };
		D5200E4223FDF091007168E0 /* TitleSubtitleView.swift in Sources */ = {isa = PBXBuildFile; fileRef = D5200E4123FDF091007168E0 /* TitleSubtitleView.swift */; };
		D52BFAE423ECB651009F4498 /* ViewModel.framework in Frameworks */ = {isa = PBXBuildFile; fileRef = D52BFADB23ECB651009F4498 /* ViewModel.framework */; };
		D52BFAED23ECB651009F4498 /* ViewModel.h in Headers */ = {isa = PBXBuildFile; fileRef = D52BFADD23ECB651009F4498 /* ViewModel.h */; settings = {ATTRIBUTES = (Public, ); }; };
		D52BFAF023ECB651009F4498 /* ViewModel.framework in Frameworks */ = {isa = PBXBuildFile; fileRef = D52BFADB23ECB651009F4498 /* ViewModel.framework */; };
		D52BFAF123ECB651009F4498 /* ViewModel.framework in Embed Frameworks */ = {isa = PBXBuildFile; fileRef = D52BFADB23ECB651009F4498 /* ViewModel.framework */; settings = {ATTRIBUTES = (CodeSignOnCopy, RemoveHeadersOnCopy, ); }; };
		D52BFAF923ECB74A009F4498 /* ViewModel.swift in Sources */ = {isa = PBXBuildFile; fileRef = D52BFAF823ECB74A009F4498 /* ViewModel.swift */; };
		D52BFAFB23ECB8DE009F4498 /* ViewModelable.swift in Sources */ = {isa = PBXBuildFile; fileRef = D52BFAFA23ECB8DE009F4498 /* ViewModelable.swift */; };
		D52BFAFD23ECBD10009F4498 /* ViewModelTests.swift in Sources */ = {isa = PBXBuildFile; fileRef = D52BFAFC23ECBD10009F4498 /* ViewModelTests.swift */; };
		D535547723DF3A19005A20EB /* Valet in Frameworks */ = {isa = PBXBuildFile; productRef = D535547623DF3A19005A20EB /* Valet */; };
		D535547923DF3A7C005A20EB /* Keychain.swift in Sources */ = {isa = PBXBuildFile; fileRef = D535547823DF3A7C005A20EB /* Keychain.swift */; };
		D535547E23DF4F44005A20EB /* KeychainDoubles.swift in Sources */ = {isa = PBXBuildFile; fileRef = D535547D23DF4F44005A20EB /* KeychainDoubles.swift */; };
		D535548123E0E7C1005A20EB /* SFSafeSymbols in Frameworks */ = {isa = PBXBuildFile; productRef = D535548023E0E7C1005A20EB /* SFSafeSymbols */; };
		D53554F923E0FD77005A20EB /* Sugar.h in Headers */ = {isa = PBXBuildFile; fileRef = D53554F723E0FD77005A20EB /* Sugar.h */; settings = {ATTRIBUTES = (Public, ); }; };
		D53554FC23E0FD77005A20EB /* Sugar.framework in Frameworks */ = {isa = PBXBuildFile; fileRef = D53554F523E0FD77005A20EB /* Sugar.framework */; };
		D53554FD23E0FD77005A20EB /* Sugar.framework in Embed Frameworks */ = {isa = PBXBuildFile; fileRef = D53554F523E0FD77005A20EB /* Sugar.framework */; settings = {ATTRIBUTES = (CodeSignOnCopy, RemoveHeadersOnCopy, ); }; };
		D535550123E0FD9F005A20EB /* NotificationCenterProtocol.swift in Sources */ = {isa = PBXBuildFile; fileRef = D535546E23DF2698005A20EB /* NotificationCenterProtocol.swift */; };
		D535550223E0FD9F005A20EB /* NotificationCenterSpy.swift in Sources */ = {isa = PBXBuildFile; fileRef = D535547223DF2AE2005A20EB /* NotificationCenterSpy.swift */; };
		D535550323E0FD9F005A20EB /* Typealiases.swift in Sources */ = {isa = PBXBuildFile; fileRef = D50E4BBF23C689BA00B6FCB1 /* Typealiases.swift */; };
		D535553623E105A5005A20EB /* OnboardingViewModelTests.swift in Sources */ = {isa = PBXBuildFile; fileRef = D535553523E105A5005A20EB /* OnboardingViewModelTests.swift */; };
		D535553823E116C9005A20EB /* RootViewModelTests.swift in Sources */ = {isa = PBXBuildFile; fileRef = D535553723E116C9005A20EB /* RootViewModelTests.swift */; };
		D535554723E20076005A20EB /* Colors.swift in Sources */ = {isa = PBXBuildFile; fileRef = D535554623E20076005A20EB /* Colors.swift */; };
		D535554C23E23EA7005A20EB /* Then in Frameworks */ = {isa = PBXBuildFile; productRef = D535554B23E23EA7005A20EB /* Then */; };
		D535554E23E38763005A20EB /* Window.swift in Sources */ = {isa = PBXBuildFile; fileRef = D535554D23E38763005A20EB /* Window.swift */; };
		D535555023E4AB9A005A20EB /* ActivityIndicator.swift in Sources */ = {isa = PBXBuildFile; fileRef = D535554F23E4AB9A005A20EB /* ActivityIndicator.swift */; };
		D53555B523E53699005A20EB /* AuthenticationError.swift in Sources */ = {isa = PBXBuildFile; fileRef = D54A561F23CE92AE00BC8485 /* AuthenticationError.swift */; };
		D53555B623E53699005A20EB /* AuthenticationService.swift in Sources */ = {isa = PBXBuildFile; fileRef = D50E4BC423C7AAA900B6FCB1 /* AuthenticationService.swift */; };
		D53555B723E53699005A20EB /* DeauthenticationService.swift in Sources */ = {isa = PBXBuildFile; fileRef = D535547B23DF4D30005A20EB /* DeauthenticationService.swift */; };
		D53555B823E53699005A20EB /* DeauthenticationServiceDoubles.swift in Sources */ = {isa = PBXBuildFile; fileRef = D535554223E1DFEC005A20EB /* DeauthenticationServiceDoubles.swift */; };
		D53555B923E53699005A20EB /* AuthenticationServiceDoubles.swift in Sources */ = {isa = PBXBuildFile; fileRef = D5B13B2D23D125E6006CBC46 /* AuthenticationServiceDoubles.swift */; };
		D53555BA23E53699005A20EB /* AuthenticationAccessTokenProvider.swift in Sources */ = {isa = PBXBuildFile; fileRef = D5B13B2B23D12520006CBC46 /* AuthenticationAccessTokenProvider.swift */; };
		D53555BB23E53699005A20EB /* AuthenticationAccessTokenProviderDoubles.swift in Sources */ = {isa = PBXBuildFile; fileRef = D5B13B2F23D1265F006CBC46 /* AuthenticationAccessTokenProviderDoubles.swift */; };
		D53555BC23E53699005A20EB /* AuthenticationAccessTokenProviderObserver.swift in Sources */ = {isa = PBXBuildFile; fileRef = D5A32DBC23D139C000F3903C /* AuthenticationAccessTokenProviderObserver.swift */; };
		D53555BD23E53699005A20EB /* AuthenticationAccessTokenProviderObserverDoubles.swift in Sources */ = {isa = PBXBuildFile; fileRef = D535554023E1DF8B005A20EB /* AuthenticationAccessTokenProviderObserverDoubles.swift */; };
		D53555BF23E53699005A20EB /* AuthenticationAccessTokenProviderBroadcast.swift in Sources */ = {isa = PBXBuildFile; fileRef = D5BA170923D671FD00954D50 /* AuthenticationAccessTokenProviderBroadcast.swift */; };
		D53555C023E53699005A20EB /* AuthenticationAccessTokenProviderBroadcastDoubles.swift in Sources */ = {isa = PBXBuildFile; fileRef = D5BA170B23D6725B00954D50 /* AuthenticationAccessTokenProviderBroadcastDoubles.swift */; };
		D53555C123E536A6005A20EB /* AuthenticationAccessTokenProviderObserverTests.swift in Sources */ = {isa = PBXBuildFile; fileRef = D5BA170723D66AF500954D50 /* AuthenticationAccessTokenProviderObserverTests.swift */; };
		D53555C223E536AE005A20EB /* AppleAuthorizationCredential.swift in Sources */ = {isa = PBXBuildFile; fileRef = D54A561223CD4B2C00BC8485 /* AppleAuthorizationCredential.swift */; };
		D53555C323E536AE005A20EB /* AppleAuthorizationCredentialStateProvider.swift in Sources */ = {isa = PBXBuildFile; fileRef = D535546A23DCB65A005A20EB /* AppleAuthorizationCredentialStateProvider.swift */; };
		D53555C423E536AE005A20EB /* AppleAuthorizationCredentialStateProviderDoubles.swift in Sources */ = {isa = PBXBuildFile; fileRef = D535553A23E1DD1A005A20EB /* AppleAuthorizationCredentialStateProviderDoubles.swift */; };
		D53555C523E536AE005A20EB /* AppleAuthorizationCredentialRevocationObserver.swift in Sources */ = {isa = PBXBuildFile; fileRef = D535546C23DF212C005A20EB /* AppleAuthorizationCredentialRevocationObserver.swift */; };
		D53555C623E536AE005A20EB /* AppleAuthorizationCredentialRevocationObserverDoubles.swift in Sources */ = {isa = PBXBuildFile; fileRef = D535553C23E1DE15005A20EB /* AppleAuthorizationCredentialRevocationObserverDoubles.swift */; };
		D53555C823E536AE005A20EB /* AppleAuthorizationResponse.swift in Sources */ = {isa = PBXBuildFile; fileRef = D54A561023CD457800BC8485 /* AppleAuthorizationResponse.swift */; };
		D53555C923E536AE005A20EB /* AppleAuthorizationResponseDoubles.swift in Sources */ = {isa = PBXBuildFile; fileRef = D535546823DCB03E005A20EB /* AppleAuthorizationResponseDoubles.swift */; };
		D53555CA23E536AE005A20EB /* AppleAuthorizationService.swift in Sources */ = {isa = PBXBuildFile; fileRef = D50E4BC123C69D0400B6FCB1 /* AppleAuthorizationService.swift */; };
		D53555CC23E536AE005A20EB /* AppleAuthorizationServiceDoubles.swift in Sources */ = {isa = PBXBuildFile; fileRef = D54A560523CA937800BC8485 /* AppleAuthorizationServiceDoubles.swift */; };
		D53555CD23E536AE005A20EB /* AppleAuthorizationController.swift in Sources */ = {isa = PBXBuildFile; fileRef = D54A560923CD27A800BC8485 /* AppleAuthorizationController.swift */; };
		D53555CE23E536AE005A20EB /* AppleAuthorizationControllerDoubles.swift in Sources */ = {isa = PBXBuildFile; fileRef = D54A560B23CD342E00BC8485 /* AppleAuthorizationControllerDoubles.swift */; };
		D53555CF23E536AE005A20EB /* AppleAuthorizationCompletionDelegate.swift in Sources */ = {isa = PBXBuildFile; fileRef = D509899023BA7CE200C19300 /* AppleAuthorizationCompletionDelegate.swift */; };
		D53555D023E536B5005A20EB /* AppleAuthorizationCredentialRevocationObserverTests.swift in Sources */ = {isa = PBXBuildFile; fileRef = D535547023DF2A40005A20EB /* AppleAuthorizationCredentialRevocationObserverTests.swift */; };
		D53555D123E536B7005A20EB /* HashFunction+Helpers.swift in Sources */ = {isa = PBXBuildFile; fileRef = D54A560723CD02CE00BC8485 /* HashFunction+Helpers.swift */; };
		D53555D223E53704005A20EB /* FirebaseABTesting.framework in Frameworks */ = {isa = PBXBuildFile; fileRef = D535556123E4F8BE005A20EB /* FirebaseABTesting.framework */; };
		D53555D323E53704005A20EB /* FirebaseCrashlytics.framework in Frameworks */ = {isa = PBXBuildFile; fileRef = D535556423E4F8BF005A20EB /* FirebaseCrashlytics.framework */; };
		D53555D423E53704005A20EB /* FirebaseInstallations.framework in Frameworks */ = {isa = PBXBuildFile; fileRef = D535555F23E4F8BE005A20EB /* FirebaseInstallations.framework */; };
		D53555D523E53704005A20EB /* FirebasePerformance.framework in Frameworks */ = {isa = PBXBuildFile; fileRef = D535556523E4F8BF005A20EB /* FirebasePerformance.framework */; };
		D53555D623E53704005A20EB /* FirebaseRemoteConfig.framework in Frameworks */ = {isa = PBXBuildFile; fileRef = D535556223E4F8BE005A20EB /* FirebaseRemoteConfig.framework */; };
		D53555D723E53704005A20EB /* GoogleToolboxForMac.framework in Frameworks */ = {isa = PBXBuildFile; fileRef = D535555E23E4F8BE005A20EB /* GoogleToolboxForMac.framework */; };
		D53555D823E53704005A20EB /* PromisesObjC.framework in Frameworks */ = {isa = PBXBuildFile; fileRef = D535556323E4F8BF005A20EB /* PromisesObjC.framework */; };
		D53555D923E53704005A20EB /* Protobuf.framework in Frameworks */ = {isa = PBXBuildFile; fileRef = D535556023E4F8BE005A20EB /* Protobuf.framework */; };
		D53555DA23E53704005A20EB /* FIRAnalyticsConnector.framework in Frameworks */ = {isa = PBXBuildFile; fileRef = D509896C23B963B700C19300 /* FIRAnalyticsConnector.framework */; };
		D53555DB23E53704005A20EB /* FirebaseAnalytics.framework in Frameworks */ = {isa = PBXBuildFile; fileRef = D509896B23B963B700C19300 /* FirebaseAnalytics.framework */; };
		D53555DC23E53704005A20EB /* FirebaseAuth.framework in Frameworks */ = {isa = PBXBuildFile; fileRef = D509896523B963B700C19300 /* FirebaseAuth.framework */; };
		D53555DD23E53704005A20EB /* FirebaseCore.framework in Frameworks */ = {isa = PBXBuildFile; fileRef = D509896F23B963B700C19300 /* FirebaseCore.framework */; };
		D53555DE23E53704005A20EB /* FirebaseCoreDiagnostics.framework in Frameworks */ = {isa = PBXBuildFile; fileRef = D509896E23B963B700C19300 /* FirebaseCoreDiagnostics.framework */; };
		D53555DF23E53704005A20EB /* FirebaseInstanceID.framework in Frameworks */ = {isa = PBXBuildFile; fileRef = D509896823B963B700C19300 /* FirebaseInstanceID.framework */; };
		D53555E023E53704005A20EB /* GoogleAppMeasurement.framework in Frameworks */ = {isa = PBXBuildFile; fileRef = D509896D23B963B700C19300 /* GoogleAppMeasurement.framework */; };
		D53555E123E53704005A20EB /* GoogleDataTransport.framework in Frameworks */ = {isa = PBXBuildFile; fileRef = D509896623B963B700C19300 /* GoogleDataTransport.framework */; };
		D53555E223E53704005A20EB /* GoogleDataTransportCCTSupport.framework in Frameworks */ = {isa = PBXBuildFile; fileRef = D509897023B963B700C19300 /* GoogleDataTransportCCTSupport.framework */; };
		D53555E323E53704005A20EB /* GoogleUtilities.framework in Frameworks */ = {isa = PBXBuildFile; fileRef = D509896A23B963B700C19300 /* GoogleUtilities.framework */; };
		D53555E423E53704005A20EB /* GTMSessionFetcher.framework in Frameworks */ = {isa = PBXBuildFile; fileRef = D509896723B963B700C19300 /* GTMSessionFetcher.framework */; };
		D53555E523E53704005A20EB /* nanopb.framework in Frameworks */ = {isa = PBXBuildFile; fileRef = D509897123B963B700C19300 /* nanopb.framework */; };
		D53555E623E5383C005A20EB /* AppleAuthorizationServiceTests.swift in Sources */ = {isa = PBXBuildFile; fileRef = D54A560E23CD384300BC8485 /* AppleAuthorizationServiceTests.swift */; };
		D54317F423FDB0DD00CB1493 /* RequestLessonPlanContext.swift in Sources */ = {isa = PBXBuildFile; fileRef = D54317F323FDB0DD00CB1493 /* RequestLessonPlanContext.swift */; };
		D54A561723CD577800BC8485 /* main.swift in Sources */ = {isa = PBXBuildFile; fileRef = D54A561623CD577800BC8485 /* main.swift */; };
		D5AAF7C823ECC87000E410F2 /* RequestLessonPlanView.swift in Sources */ = {isa = PBXBuildFile; fileRef = D5AAF7C723ECC87000E410F2 /* RequestLessonPlanView.swift */; };
		D5AAF7CB23ED850E00E410F2 /* BetterSheet in Frameworks */ = {isa = PBXBuildFile; productRef = D5AAF7CA23ED850E00E410F2 /* BetterSheet */; };
		D5AAF7CF23F08FB200E410F2 /* RequestLessonPlanViewModel.swift in Sources */ = {isa = PBXBuildFile; fileRef = D5AAF7CE23F08FB200E410F2 /* RequestLessonPlanViewModel.swift */; };
		D5AAF7D123F9ACFA00E410F2 /* InstrumentSelectionView.swift in Sources */ = {isa = PBXBuildFile; fileRef = D5AAF7D023F9ACFA00E410F2 /* InstrumentSelectionView.swift */; };
		D5AAF7D323F9E0AD00E410F2 /* InstrumentSelectionViewModel.swift in Sources */ = {isa = PBXBuildFile; fileRef = D5AAF7D223F9E0AD00E410F2 /* InstrumentSelectionViewModel.swift */; };
		D5AAF7D523F9E1F900E410F2 /* InstrumentSelectionListProvider.swift in Sources */ = {isa = PBXBuildFile; fileRef = D5AAF7D423F9E1F900E410F2 /* InstrumentSelectionListProvider.swift */; };
		D5AAF7D723F9E20C00E410F2 /* Instrument.swift in Sources */ = {isa = PBXBuildFile; fileRef = D5AAF7D623F9E20C00E410F2 /* Instrument.swift */; };
		D5AAF7D923F9EB1200E410F2 /* InstrumentSelectionListProviderDoubles.swift in Sources */ = {isa = PBXBuildFile; fileRef = D5AAF7D823F9EB1200E410F2 /* InstrumentSelectionListProviderDoubles.swift */; };
		D5AAF7DB23FB347C00E410F2 /* CollectionView.swift in Sources */ = {isa = PBXBuildFile; fileRef = D5AAF7DA23FB347C00E410F2 /* CollectionView.swift */; };
		D5AAF7DD23FB431E00E410F2 /* InstrumentView.swift in Sources */ = {isa = PBXBuildFile; fileRef = D5AAF7DC23FB431E00E410F2 /* InstrumentView.swift */; };
		D5AAF7DF23FB444500E410F2 /* RoundedShadowContainer.swift in Sources */ = {isa = PBXBuildFile; fileRef = D5AAF7DE23FB444500E410F2 /* RoundedShadowContainer.swift */; };
		D5BA171023D7A18900954D50 /* RootView.swift in Sources */ = {isa = PBXBuildFile; fileRef = D5BA170F23D7A18900954D50 /* RootView.swift */; };
		D5BA171223D7AB3B00954D50 /* MainTabView.swift in Sources */ = {isa = PBXBuildFile; fileRef = D5BA171123D7AB3B00954D50 /* MainTabView.swift */; };
		D5E04B1923BED80700A161BB /* Fonts.swift in Sources */ = {isa = PBXBuildFile; fileRef = D5E04B1823BED80700A161BB /* Fonts.swift */; };
		D5E04B1B23BEE01B00A161BB /* RootViewModel.swift in Sources */ = {isa = PBXBuildFile; fileRef = D5E04B1A23BEE01B00A161BB /* RootViewModel.swift */; };
		D5E04B1D23BEE04E00A161BB /* OnboardingView.swift in Sources */ = {isa = PBXBuildFile; fileRef = D5E04B1C23BEE04E00A161BB /* OnboardingView.swift */; };
		D5EF88B623FB706C0072BD03 /* ProgressBar.swift in Sources */ = {isa = PBXBuildFile; fileRef = D5EF88B523FB706C0072BD03 /* ProgressBar.swift */; };
		D5F5065D23FF16AA00CA4094 /* BackButton.swift in Sources */ = {isa = PBXBuildFile; fileRef = D5F5065C23FF16AA00CA4094 /* BackButton.swift */; };
		D5F5065F240055E800CA4094 /* TitleContentView.swift in Sources */ = {isa = PBXBuildFile; fileRef = D5F5065E240055E800CA4094 /* TitleContentView.swift */; };
		D5F506612400560000CA4094 /* TitleSubtitleContentView.swift in Sources */ = {isa = PBXBuildFile; fileRef = D5F506602400560000CA4094 /* TitleSubtitleContentView.swift */; };
		D5F50663240056FA00CA4094 /* RoundedThinOutlineContainer.swift in Sources */ = {isa = PBXBuildFile; fileRef = D5F50662240056FA00CA4094 /* RoundedThinOutlineContainer.swift */; };
		D5F506652400619600CA4094 /* UIApplication+EndEditing.swift in Sources */ = {isa = PBXBuildFile; fileRef = D5F506642400619600CA4094 /* UIApplication+EndEditing.swift */; };
		D5F5066E24006CDD00CA4094 /* KeyboardObserver in Frameworks */ = {isa = PBXBuildFile; productRef = D5F5066D24006CDD00CA4094 /* KeyboardObserver */; };
		D5F5067B2400788400CA4094 /* MultilineTextField.swift in Sources */ = {isa = PBXBuildFile; fileRef = D5F5067A2400788400CA4094 /* MultilineTextField.swift */; };
		D5F50683240452BC00CA4094 /* TextField+ViewData.swift in Sources */ = {isa = PBXBuildFile; fileRef = D5F50682240452BC00CA4094 /* TextField+ViewData.swift */; };
		D5F50685240452D800CA4094 /* DatePicker+ViewData.swift in Sources */ = {isa = PBXBuildFile; fileRef = D5F50684240452D700CA4094 /* DatePicker+ViewData.swift */; };
		D5F5068C24046B1400CA4094 /* Spacing.swift in Sources */ = {isa = PBXBuildFile; fileRef = D5F5068B24046B1400CA4094 /* Spacing.swift */; };
		D5F5068E240473CB00CA4094 /* FloatingDatePicker.swift in Sources */ = {isa = PBXBuildFile; fileRef = D5F5068D240473CB00CA4094 /* FloatingDatePicker.swift */; };
		D5F506B02405A6A900CA4094 /* Duration.swift in Sources */ = {isa = PBXBuildFile; fileRef = D5F506AF2405A6A900CA4094 /* Duration.swift */; };
		D5F506B42405ED9300CA4094 /* RoundedThickOutlineContainer.swift in Sources */ = {isa = PBXBuildFile; fileRef = D5F506B32405ED9300CA4094 /* RoundedThickOutlineContainer.swift */; };
		D5F506B62406360900CA4094 /* Student.swift in Sources */ = {isa = PBXBuildFile; fileRef = D5F506B52406360900CA4094 /* Student.swift */; };
		D5F506B82406363600CA4094 /* GenderSelectionView.swift in Sources */ = {isa = PBXBuildFile; fileRef = D5F506B72406363600CA4094 /* GenderSelectionView.swift */; };
		D5F506BA240637F400CA4094 /* FloatingButton.swift in Sources */ = {isa = PBXBuildFile; fileRef = D5F506B9240637F400CA4094 /* FloatingButton.swift */; };
		D5F506BC2406C6A200CA4094 /* AddressDetailsView.swift in Sources */ = {isa = PBXBuildFile; fileRef = D5F506BB2406C6A200CA4094 /* AddressDetailsView.swift */; };
		D5F506BE2406E49A00CA4094 /* EdgeSwipeView.swift in Sources */ = {isa = PBXBuildFile; fileRef = D5F506BD2406E49A00CA4094 /* EdgeSwipeView.swift */; };
		D5FD6F1224096FB5008C5AD4 /* Collection+Sugar.swift in Sources */ = {isa = PBXBuildFile; fileRef = D5FD6F1124096FB5008C5AD4 /* Collection+Sugar.swift */; };
		D5FD6F14240985D3008C5AD4 /* View+Inset.swift in Sources */ = {isa = PBXBuildFile; fileRef = D5FD6F13240985D3008C5AD4 /* View+Inset.swift */; };
/* End PBXBuildFile section */

/* Begin PBXContainerItemProxy section */
		D52BFAE523ECB651009F4498 /* PBXContainerItemProxy */ = {
			isa = PBXContainerItemProxy;
			containerPortal = 03341B3323ABB1E7009AE8A8 /* Project object */;
			proxyType = 1;
			remoteGlobalIDString = D52BFADA23ECB651009F4498;
			remoteInfo = ViewModel;
		};
		D52BFAE723ECB651009F4498 /* PBXContainerItemProxy */ = {
			isa = PBXContainerItemProxy;
			containerPortal = 03341B3323ABB1E7009AE8A8 /* Project object */;
			proxyType = 1;
			remoteGlobalIDString = 03341B3A23ABB1E7009AE8A8;
			remoteInfo = Rythmico;
		};
		D52BFAEE23ECB651009F4498 /* PBXContainerItemProxy */ = {
			isa = PBXContainerItemProxy;
			containerPortal = 03341B3323ABB1E7009AE8A8 /* Project object */;
			proxyType = 1;
			remoteGlobalIDString = D52BFADA23ECB651009F4498;
			remoteInfo = ViewModel;
		};
		D53554FA23E0FD77005A20EB /* PBXContainerItemProxy */ = {
			isa = PBXContainerItemProxy;
			containerPortal = 03341B3323ABB1E7009AE8A8 /* Project object */;
			proxyType = 1;
			remoteGlobalIDString = D53554F423E0FD77005A20EB;
			remoteInfo = Sugar;
		};
		D535553023E10557005A20EB /* PBXContainerItemProxy */ = {
			isa = PBXContainerItemProxy;
			containerPortal = 03341B3323ABB1E7009AE8A8 /* Project object */;
			proxyType = 1;
			remoteGlobalIDString = 03341B3A23ABB1E7009AE8A8;
			remoteInfo = Rythmico;
		};
/* End PBXContainerItemProxy section */

/* Begin PBXCopyFilesBuildPhase section */
		D53554B123E0FA4B005A20EB /* Embed Frameworks */ = {
			isa = PBXCopyFilesBuildPhase;
			buildActionMask = 2147483647;
			dstPath = "";
			dstSubfolderSpec = 10;
			files = (
				D53554FD23E0FD77005A20EB /* Sugar.framework in Embed Frameworks */,
				D52BFAF123ECB651009F4498 /* ViewModel.framework in Embed Frameworks */,
			);
			name = "Embed Frameworks";
			runOnlyForDeploymentPostprocessing = 0;
		};
/* End PBXCopyFilesBuildPhase section */

/* Begin PBXFileReference section */
		03341B3B23ABB1E7009AE8A8 /* Rythmico.app */ = {isa = PBXFileReference; explicitFileType = wrapper.application; includeInIndex = 0; path = Rythmico.app; sourceTree = BUILT_PRODUCTS_DIR; };
		03341B3E23ABB1E7009AE8A8 /* AppDelegate.swift */ = {isa = PBXFileReference; lastKnownFileType = sourcecode.swift; path = AppDelegate.swift; sourceTree = "<group>"; };
		03341B4223ABB1E7009AE8A8 /* MainTabViewModel.swift */ = {isa = PBXFileReference; lastKnownFileType = sourcecode.swift; path = MainTabViewModel.swift; sourceTree = "<group>"; };
		03341B4423ABB1E8009AE8A8 /* Assets.xcassets */ = {isa = PBXFileReference; lastKnownFileType = folder.assetcatalog; path = Assets.xcassets; sourceTree = "<group>"; };
		03341B4723ABB1E8009AE8A8 /* Preview Assets.xcassets */ = {isa = PBXFileReference; lastKnownFileType = folder.assetcatalog; path = "Preview Assets.xcassets"; sourceTree = "<group>"; };
		03341B4A23ABB1E8009AE8A8 /* Base */ = {isa = PBXFileReference; lastKnownFileType = file.storyboard; name = Base; path = Base.lproj/LaunchScreen.storyboard; sourceTree = "<group>"; };
		03341B4C23ABB1E8009AE8A8 /* Info.plist */ = {isa = PBXFileReference; lastKnownFileType = text.plist.xml; path = Info.plist; sourceTree = "<group>"; };
		D50668DA23B946330044E553 /* Rythmico.entitlements */ = {isa = PBXFileReference; lastKnownFileType = text.plist.entitlements; path = Rythmico.entitlements; sourceTree = "<group>"; };
		D50811E323FB72A3008103D8 /* StepBar.swift */ = {isa = PBXFileReference; lastKnownFileType = sourcecode.swift; path = StepBar.swift; sourceTree = "<group>"; };
		D50811E523FB769D008103D8 /* RequestLessonPlanViewModelTests.swift */ = {isa = PBXFileReference; lastKnownFileType = sourcecode.swift; path = RequestLessonPlanViewModelTests.swift; sourceTree = "<group>"; };
		D50811E723FD73F0008103D8 /* Assets.swift */ = {isa = PBXFileReference; fileEncoding = 4; lastKnownFileType = sourcecode.swift; path = Assets.swift; sourceTree = "<group>"; };
		D50811E923FD75ED008103D8 /* InstrumentSelectionViewModelTests.swift */ = {isa = PBXFileReference; lastKnownFileType = sourcecode.swift; path = InstrumentSelectionViewModelTests.swift; sourceTree = "<group>"; };
		D50811EB23FDA883008103D8 /* RequestLessonPlanViewData.swift */ = {isa = PBXFileReference; lastKnownFileType = sourcecode.swift; path = RequestLessonPlanViewData.swift; sourceTree = "<group>"; };
		D509896523B963B700C19300 /* FirebaseAuth.framework */ = {isa = PBXFileReference; lastKnownFileType = wrapper.framework; name = FirebaseAuth.framework; path = Carthage/Build/iOS/FirebaseAuth.framework; sourceTree = "<group>"; };
		D509896623B963B700C19300 /* GoogleDataTransport.framework */ = {isa = PBXFileReference; lastKnownFileType = wrapper.framework; name = GoogleDataTransport.framework; path = Carthage/Build/iOS/GoogleDataTransport.framework; sourceTree = "<group>"; };
		D509896723B963B700C19300 /* GTMSessionFetcher.framework */ = {isa = PBXFileReference; lastKnownFileType = wrapper.framework; name = GTMSessionFetcher.framework; path = Carthage/Build/iOS/GTMSessionFetcher.framework; sourceTree = "<group>"; };
		D509896823B963B700C19300 /* FirebaseInstanceID.framework */ = {isa = PBXFileReference; lastKnownFileType = wrapper.framework; name = FirebaseInstanceID.framework; path = Carthage/Build/iOS/FirebaseInstanceID.framework; sourceTree = "<group>"; };
		D509896A23B963B700C19300 /* GoogleUtilities.framework */ = {isa = PBXFileReference; lastKnownFileType = wrapper.framework; name = GoogleUtilities.framework; path = Carthage/Build/iOS/GoogleUtilities.framework; sourceTree = "<group>"; };
		D509896B23B963B700C19300 /* FirebaseAnalytics.framework */ = {isa = PBXFileReference; lastKnownFileType = wrapper.framework; name = FirebaseAnalytics.framework; path = Carthage/Build/iOS/FirebaseAnalytics.framework; sourceTree = "<group>"; };
		D509896C23B963B700C19300 /* FIRAnalyticsConnector.framework */ = {isa = PBXFileReference; lastKnownFileType = wrapper.framework; name = FIRAnalyticsConnector.framework; path = Carthage/Build/iOS/FIRAnalyticsConnector.framework; sourceTree = "<group>"; };
		D509896D23B963B700C19300 /* GoogleAppMeasurement.framework */ = {isa = PBXFileReference; lastKnownFileType = wrapper.framework; name = GoogleAppMeasurement.framework; path = Carthage/Build/iOS/GoogleAppMeasurement.framework; sourceTree = "<group>"; };
		D509896E23B963B700C19300 /* FirebaseCoreDiagnostics.framework */ = {isa = PBXFileReference; lastKnownFileType = wrapper.framework; name = FirebaseCoreDiagnostics.framework; path = Carthage/Build/iOS/FirebaseCoreDiagnostics.framework; sourceTree = "<group>"; };
		D509896F23B963B700C19300 /* FirebaseCore.framework */ = {isa = PBXFileReference; lastKnownFileType = wrapper.framework; name = FirebaseCore.framework; path = Carthage/Build/iOS/FirebaseCore.framework; sourceTree = "<group>"; };
		D509897023B963B700C19300 /* GoogleDataTransportCCTSupport.framework */ = {isa = PBXFileReference; lastKnownFileType = wrapper.framework; name = GoogleDataTransportCCTSupport.framework; path = Carthage/Build/iOS/GoogleDataTransportCCTSupport.framework; sourceTree = "<group>"; };
		D509897123B963B700C19300 /* nanopb.framework */ = {isa = PBXFileReference; lastKnownFileType = wrapper.framework; name = nanopb.framework; path = Carthage/Build/iOS/nanopb.framework; sourceTree = "<group>"; };
		D509897F23B969B700C19300 /* GoogleService-Info-Release.plist */ = {isa = PBXFileReference; fileEncoding = 4; lastKnownFileType = text.plist.xml; path = "GoogleService-Info-Release.plist"; sourceTree = "<group>"; };
		D509898423B9B5C100C19300 /* GoogleService-Info.plist */ = {isa = PBXFileReference; lastKnownFileType = text.plist.xml; path = "GoogleService-Info.plist"; sourceTree = "<group>"; };
		D509898823BA6B4600C19300 /* GoogleService-Info-Debug.plist */ = {isa = PBXFileReference; fileEncoding = 4; lastKnownFileType = text.plist.xml; path = "GoogleService-Info-Debug.plist"; sourceTree = "<group>"; };
		D509898C23BA787500C19300 /* OnboardingViewModel.swift */ = {isa = PBXFileReference; lastKnownFileType = sourcecode.swift; path = OnboardingViewModel.swift; sourceTree = "<group>"; };
		D509898E23BA79D600C19300 /* AuthorizationAppleIDButton.swift */ = {isa = PBXFileReference; lastKnownFileType = sourcecode.swift; path = AuthorizationAppleIDButton.swift; sourceTree = "<group>"; };
		D509899023BA7CE200C19300 /* AppleAuthorizationCompletionDelegate.swift */ = {isa = PBXFileReference; lastKnownFileType = sourcecode.swift; path = AppleAuthorizationCompletionDelegate.swift; sourceTree = "<group>"; };
		D50E4BBF23C689BA00B6FCB1 /* Typealiases.swift */ = {isa = PBXFileReference; lastKnownFileType = sourcecode.swift; path = Typealiases.swift; sourceTree = "<group>"; };
		D50E4BC123C69D0400B6FCB1 /* AppleAuthorizationService.swift */ = {isa = PBXFileReference; lastKnownFileType = sourcecode.swift; path = AppleAuthorizationService.swift; sourceTree = "<group>"; };
		D50E4BC423C7AAA900B6FCB1 /* AuthenticationService.swift */ = {isa = PBXFileReference; lastKnownFileType = sourcecode.swift; path = AuthenticationService.swift; sourceTree = "<group>"; };
		D5200E3823FDCEFD007168E0 /* StudentDetailsView.swift */ = {isa = PBXFileReference; lastKnownFileType = sourcecode.swift; path = StudentDetailsView.swift; sourceTree = "<group>"; };
		D5200E3A23FDCF35007168E0 /* StudentDetailsViewModel.swift */ = {isa = PBXFileReference; lastKnownFileType = sourcecode.swift; path = StudentDetailsViewModel.swift; sourceTree = "<group>"; };
		D5200E3F23FDE460007168E0 /* MultiStyleText.swift */ = {isa = PBXFileReference; lastKnownFileType = sourcecode.swift; path = MultiStyleText.swift; sourceTree = "<group>"; };
		D5200E4123FDF091007168E0 /* TitleSubtitleView.swift */ = {isa = PBXFileReference; lastKnownFileType = sourcecode.swift; path = TitleSubtitleView.swift; sourceTree = "<group>"; };
		D52BFADB23ECB651009F4498 /* ViewModel.framework */ = {isa = PBXFileReference; explicitFileType = wrapper.framework; includeInIndex = 0; path = ViewModel.framework; sourceTree = BUILT_PRODUCTS_DIR; };
		D52BFADD23ECB651009F4498 /* ViewModel.h */ = {isa = PBXFileReference; lastKnownFileType = sourcecode.c.h; path = ViewModel.h; sourceTree = "<group>"; };
		D52BFADE23ECB651009F4498 /* Info.plist */ = {isa = PBXFileReference; lastKnownFileType = text.plist.xml; path = Info.plist; sourceTree = "<group>"; };
		D52BFAE323ECB651009F4498 /* ViewModelTests.xctest */ = {isa = PBXFileReference; explicitFileType = wrapper.cfbundle; includeInIndex = 0; path = ViewModelTests.xctest; sourceTree = BUILT_PRODUCTS_DIR; };
		D52BFAF823ECB74A009F4498 /* ViewModel.swift */ = {isa = PBXFileReference; lastKnownFileType = sourcecode.swift; path = ViewModel.swift; sourceTree = "<group>"; };
		D52BFAFA23ECB8DE009F4498 /* ViewModelable.swift */ = {isa = PBXFileReference; lastKnownFileType = sourcecode.swift; path = ViewModelable.swift; sourceTree = "<group>"; };
		D52BFAFC23ECBD10009F4498 /* ViewModelTests.swift */ = {isa = PBXFileReference; lastKnownFileType = sourcecode.swift; path = ViewModelTests.swift; sourceTree = "<group>"; };
		D535546823DCB03E005A20EB /* AppleAuthorizationResponseDoubles.swift */ = {isa = PBXFileReference; lastKnownFileType = sourcecode.swift; path = AppleAuthorizationResponseDoubles.swift; sourceTree = "<group>"; };
		D535546A23DCB65A005A20EB /* AppleAuthorizationCredentialStateProvider.swift */ = {isa = PBXFileReference; lastKnownFileType = sourcecode.swift; path = AppleAuthorizationCredentialStateProvider.swift; sourceTree = "<group>"; };
		D535546C23DF212C005A20EB /* AppleAuthorizationCredentialRevocationObserver.swift */ = {isa = PBXFileReference; lastKnownFileType = sourcecode.swift; path = AppleAuthorizationCredentialRevocationObserver.swift; sourceTree = "<group>"; };
		D535546E23DF2698005A20EB /* NotificationCenterProtocol.swift */ = {isa = PBXFileReference; lastKnownFileType = sourcecode.swift; path = NotificationCenterProtocol.swift; sourceTree = "<group>"; };
		D535547023DF2A40005A20EB /* AppleAuthorizationCredentialRevocationObserverTests.swift */ = {isa = PBXFileReference; lastKnownFileType = sourcecode.swift; path = AppleAuthorizationCredentialRevocationObserverTests.swift; sourceTree = "<group>"; };
		D535547223DF2AE2005A20EB /* NotificationCenterSpy.swift */ = {isa = PBXFileReference; lastKnownFileType = sourcecode.swift; path = NotificationCenterSpy.swift; sourceTree = "<group>"; };
		D535547823DF3A7C005A20EB /* Keychain.swift */ = {isa = PBXFileReference; lastKnownFileType = sourcecode.swift; path = Keychain.swift; sourceTree = "<group>"; };
		D535547B23DF4D30005A20EB /* DeauthenticationService.swift */ = {isa = PBXFileReference; lastKnownFileType = sourcecode.swift; path = DeauthenticationService.swift; sourceTree = "<group>"; };
		D535547D23DF4F44005A20EB /* KeychainDoubles.swift */ = {isa = PBXFileReference; lastKnownFileType = sourcecode.swift; path = KeychainDoubles.swift; sourceTree = "<group>"; };
		D53554F523E0FD77005A20EB /* Sugar.framework */ = {isa = PBXFileReference; explicitFileType = wrapper.framework; includeInIndex = 0; path = Sugar.framework; sourceTree = BUILT_PRODUCTS_DIR; };
		D53554F723E0FD77005A20EB /* Sugar.h */ = {isa = PBXFileReference; lastKnownFileType = sourcecode.c.h; path = Sugar.h; sourceTree = "<group>"; };
		D53554F823E0FD77005A20EB /* Info.plist */ = {isa = PBXFileReference; lastKnownFileType = text.plist.xml; path = Info.plist; sourceTree = "<group>"; };
		D535552B23E10557005A20EB /* RythmicoTests.xctest */ = {isa = PBXFileReference; explicitFileType = wrapper.cfbundle; includeInIndex = 0; path = RythmicoTests.xctest; sourceTree = BUILT_PRODUCTS_DIR; };
		D535553523E105A5005A20EB /* OnboardingViewModelTests.swift */ = {isa = PBXFileReference; lastKnownFileType = sourcecode.swift; path = OnboardingViewModelTests.swift; sourceTree = "<group>"; };
		D535553723E116C9005A20EB /* RootViewModelTests.swift */ = {isa = PBXFileReference; lastKnownFileType = sourcecode.swift; path = RootViewModelTests.swift; sourceTree = "<group>"; };
		D535553A23E1DD1A005A20EB /* AppleAuthorizationCredentialStateProviderDoubles.swift */ = {isa = PBXFileReference; lastKnownFileType = sourcecode.swift; path = AppleAuthorizationCredentialStateProviderDoubles.swift; sourceTree = "<group>"; };
		D535553C23E1DE15005A20EB /* AppleAuthorizationCredentialRevocationObserverDoubles.swift */ = {isa = PBXFileReference; lastKnownFileType = sourcecode.swift; path = AppleAuthorizationCredentialRevocationObserverDoubles.swift; sourceTree = "<group>"; };
		D535554023E1DF8B005A20EB /* AuthenticationAccessTokenProviderObserverDoubles.swift */ = {isa = PBXFileReference; lastKnownFileType = sourcecode.swift; path = AuthenticationAccessTokenProviderObserverDoubles.swift; sourceTree = "<group>"; };
		D535554223E1DFEC005A20EB /* DeauthenticationServiceDoubles.swift */ = {isa = PBXFileReference; lastKnownFileType = sourcecode.swift; path = DeauthenticationServiceDoubles.swift; sourceTree = "<group>"; };
		D535554623E20076005A20EB /* Colors.swift */ = {isa = PBXFileReference; lastKnownFileType = sourcecode.swift; path = Colors.swift; sourceTree = "<group>"; };
		D535554D23E38763005A20EB /* Window.swift */ = {isa = PBXFileReference; lastKnownFileType = sourcecode.swift; path = Window.swift; sourceTree = "<group>"; };
		D535554F23E4AB9A005A20EB /* ActivityIndicator.swift */ = {isa = PBXFileReference; lastKnownFileType = sourcecode.swift; path = ActivityIndicator.swift; sourceTree = "<group>"; };
		D535555E23E4F8BE005A20EB /* GoogleToolboxForMac.framework */ = {isa = PBXFileReference; lastKnownFileType = wrapper.framework; name = GoogleToolboxForMac.framework; path = Carthage/Build/iOS/GoogleToolboxForMac.framework; sourceTree = "<group>"; };
		D535555F23E4F8BE005A20EB /* FirebaseInstallations.framework */ = {isa = PBXFileReference; lastKnownFileType = wrapper.framework; name = FirebaseInstallations.framework; path = Carthage/Build/iOS/FirebaseInstallations.framework; sourceTree = "<group>"; };
		D535556023E4F8BE005A20EB /* Protobuf.framework */ = {isa = PBXFileReference; lastKnownFileType = wrapper.framework; name = Protobuf.framework; path = Carthage/Build/iOS/Protobuf.framework; sourceTree = "<group>"; };
		D535556123E4F8BE005A20EB /* FirebaseABTesting.framework */ = {isa = PBXFileReference; lastKnownFileType = wrapper.framework; name = FirebaseABTesting.framework; path = Carthage/Build/iOS/FirebaseABTesting.framework; sourceTree = "<group>"; };
		D535556223E4F8BE005A20EB /* FirebaseRemoteConfig.framework */ = {isa = PBXFileReference; lastKnownFileType = wrapper.framework; name = FirebaseRemoteConfig.framework; path = Carthage/Build/iOS/FirebaseRemoteConfig.framework; sourceTree = "<group>"; };
		D535556323E4F8BF005A20EB /* PromisesObjC.framework */ = {isa = PBXFileReference; lastKnownFileType = wrapper.framework; name = PromisesObjC.framework; path = Carthage/Build/iOS/PromisesObjC.framework; sourceTree = "<group>"; };
		D535556423E4F8BF005A20EB /* FirebaseCrashlytics.framework */ = {isa = PBXFileReference; lastKnownFileType = wrapper.framework; name = FirebaseCrashlytics.framework; path = Carthage/Build/iOS/FirebaseCrashlytics.framework; sourceTree = "<group>"; };
		D535556523E4F8BF005A20EB /* FirebasePerformance.framework */ = {isa = PBXFileReference; lastKnownFileType = wrapper.framework; name = FirebasePerformance.framework; path = Carthage/Build/iOS/FirebasePerformance.framework; sourceTree = "<group>"; };
		D54317F323FDB0DD00CB1493 /* RequestLessonPlanContext.swift */ = {isa = PBXFileReference; lastKnownFileType = sourcecode.swift; path = RequestLessonPlanContext.swift; sourceTree = "<group>"; };
		D54A560523CA937800BC8485 /* AppleAuthorizationServiceDoubles.swift */ = {isa = PBXFileReference; lastKnownFileType = sourcecode.swift; path = AppleAuthorizationServiceDoubles.swift; sourceTree = "<group>"; };
		D54A560723CD02CE00BC8485 /* HashFunction+Helpers.swift */ = {isa = PBXFileReference; lastKnownFileType = sourcecode.swift; path = "HashFunction+Helpers.swift"; sourceTree = "<group>"; };
		D54A560923CD27A800BC8485 /* AppleAuthorizationController.swift */ = {isa = PBXFileReference; lastKnownFileType = sourcecode.swift; path = AppleAuthorizationController.swift; sourceTree = "<group>"; };
		D54A560B23CD342E00BC8485 /* AppleAuthorizationControllerDoubles.swift */ = {isa = PBXFileReference; lastKnownFileType = sourcecode.swift; path = AppleAuthorizationControllerDoubles.swift; sourceTree = "<group>"; };
		D54A560E23CD384300BC8485 /* AppleAuthorizationServiceTests.swift */ = {isa = PBXFileReference; lastKnownFileType = sourcecode.swift; path = AppleAuthorizationServiceTests.swift; sourceTree = "<group>"; };
		D54A561023CD457800BC8485 /* AppleAuthorizationResponse.swift */ = {isa = PBXFileReference; lastKnownFileType = sourcecode.swift; path = AppleAuthorizationResponse.swift; sourceTree = "<group>"; };
		D54A561223CD4B2C00BC8485 /* AppleAuthorizationCredential.swift */ = {isa = PBXFileReference; lastKnownFileType = sourcecode.swift; path = AppleAuthorizationCredential.swift; sourceTree = "<group>"; };
		D54A561623CD577800BC8485 /* main.swift */ = {isa = PBXFileReference; lastKnownFileType = sourcecode.swift; path = main.swift; sourceTree = "<group>"; };
		D54A561F23CE92AE00BC8485 /* AuthenticationError.swift */ = {isa = PBXFileReference; lastKnownFileType = sourcecode.swift; path = AuthenticationError.swift; sourceTree = "<group>"; };
		D5A32DBC23D139C000F3903C /* AuthenticationAccessTokenProviderObserver.swift */ = {isa = PBXFileReference; lastKnownFileType = sourcecode.swift; path = AuthenticationAccessTokenProviderObserver.swift; sourceTree = "<group>"; };
		D5AAF7C723ECC87000E410F2 /* RequestLessonPlanView.swift */ = {isa = PBXFileReference; lastKnownFileType = sourcecode.swift; path = RequestLessonPlanView.swift; sourceTree = "<group>"; };
		D5AAF7CE23F08FB200E410F2 /* RequestLessonPlanViewModel.swift */ = {isa = PBXFileReference; lastKnownFileType = sourcecode.swift; path = RequestLessonPlanViewModel.swift; sourceTree = "<group>"; };
		D5AAF7D023F9ACFA00E410F2 /* InstrumentSelectionView.swift */ = {isa = PBXFileReference; lastKnownFileType = sourcecode.swift; path = InstrumentSelectionView.swift; sourceTree = "<group>"; };
		D5AAF7D223F9E0AD00E410F2 /* InstrumentSelectionViewModel.swift */ = {isa = PBXFileReference; lastKnownFileType = sourcecode.swift; path = InstrumentSelectionViewModel.swift; sourceTree = "<group>"; };
		D5AAF7D423F9E1F900E410F2 /* InstrumentSelectionListProvider.swift */ = {isa = PBXFileReference; lastKnownFileType = sourcecode.swift; path = InstrumentSelectionListProvider.swift; sourceTree = "<group>"; };
		D5AAF7D623F9E20C00E410F2 /* Instrument.swift */ = {isa = PBXFileReference; lastKnownFileType = sourcecode.swift; path = Instrument.swift; sourceTree = "<group>"; };
		D5AAF7D823F9EB1200E410F2 /* InstrumentSelectionListProviderDoubles.swift */ = {isa = PBXFileReference; lastKnownFileType = sourcecode.swift; path = InstrumentSelectionListProviderDoubles.swift; sourceTree = "<group>"; };
		D5AAF7DA23FB347C00E410F2 /* CollectionView.swift */ = {isa = PBXFileReference; lastKnownFileType = sourcecode.swift; path = CollectionView.swift; sourceTree = "<group>"; };
		D5AAF7DC23FB431E00E410F2 /* InstrumentView.swift */ = {isa = PBXFileReference; lastKnownFileType = sourcecode.swift; path = InstrumentView.swift; sourceTree = "<group>"; };
		D5AAF7DE23FB444500E410F2 /* RoundedShadowContainer.swift */ = {isa = PBXFileReference; lastKnownFileType = sourcecode.swift; path = RoundedShadowContainer.swift; sourceTree = "<group>"; };
		D5B13B2B23D12520006CBC46 /* AuthenticationAccessTokenProvider.swift */ = {isa = PBXFileReference; lastKnownFileType = sourcecode.swift; path = AuthenticationAccessTokenProvider.swift; sourceTree = "<group>"; };
		D5B13B2D23D125E6006CBC46 /* AuthenticationServiceDoubles.swift */ = {isa = PBXFileReference; lastKnownFileType = sourcecode.swift; path = AuthenticationServiceDoubles.swift; sourceTree = "<group>"; };
		D5B13B2F23D1265F006CBC46 /* AuthenticationAccessTokenProviderDoubles.swift */ = {isa = PBXFileReference; lastKnownFileType = sourcecode.swift; path = AuthenticationAccessTokenProviderDoubles.swift; sourceTree = "<group>"; };
		D5BA170723D66AF500954D50 /* AuthenticationAccessTokenProviderObserverTests.swift */ = {isa = PBXFileReference; lastKnownFileType = sourcecode.swift; path = AuthenticationAccessTokenProviderObserverTests.swift; sourceTree = "<group>"; };
		D5BA170923D671FD00954D50 /* AuthenticationAccessTokenProviderBroadcast.swift */ = {isa = PBXFileReference; lastKnownFileType = sourcecode.swift; path = AuthenticationAccessTokenProviderBroadcast.swift; sourceTree = "<group>"; };
		D5BA170B23D6725B00954D50 /* AuthenticationAccessTokenProviderBroadcastDoubles.swift */ = {isa = PBXFileReference; lastKnownFileType = sourcecode.swift; path = AuthenticationAccessTokenProviderBroadcastDoubles.swift; sourceTree = "<group>"; };
		D5BA170F23D7A18900954D50 /* RootView.swift */ = {isa = PBXFileReference; lastKnownFileType = sourcecode.swift; path = RootView.swift; sourceTree = "<group>"; };
		D5BA171123D7AB3B00954D50 /* MainTabView.swift */ = {isa = PBXFileReference; lastKnownFileType = sourcecode.swift; path = MainTabView.swift; sourceTree = "<group>"; };
		D5E04B1823BED80700A161BB /* Fonts.swift */ = {isa = PBXFileReference; lastKnownFileType = sourcecode.swift; path = Fonts.swift; sourceTree = "<group>"; };
		D5E04B1A23BEE01B00A161BB /* RootViewModel.swift */ = {isa = PBXFileReference; lastKnownFileType = sourcecode.swift; path = RootViewModel.swift; sourceTree = "<group>"; };
		D5E04B1C23BEE04E00A161BB /* OnboardingView.swift */ = {isa = PBXFileReference; lastKnownFileType = sourcecode.swift; path = OnboardingView.swift; sourceTree = "<group>"; };
		D5EF88B523FB706C0072BD03 /* ProgressBar.swift */ = {isa = PBXFileReference; lastKnownFileType = sourcecode.swift; path = ProgressBar.swift; sourceTree = "<group>"; };
		D5F5065C23FF16AA00CA4094 /* BackButton.swift */ = {isa = PBXFileReference; lastKnownFileType = sourcecode.swift; path = BackButton.swift; sourceTree = "<group>"; };
		D5F5065E240055E800CA4094 /* TitleContentView.swift */ = {isa = PBXFileReference; lastKnownFileType = sourcecode.swift; path = TitleContentView.swift; sourceTree = "<group>"; };
		D5F506602400560000CA4094 /* TitleSubtitleContentView.swift */ = {isa = PBXFileReference; lastKnownFileType = sourcecode.swift; path = TitleSubtitleContentView.swift; sourceTree = "<group>"; };
		D5F50662240056FA00CA4094 /* RoundedThinOutlineContainer.swift */ = {isa = PBXFileReference; lastKnownFileType = sourcecode.swift; path = RoundedThinOutlineContainer.swift; sourceTree = "<group>"; };
		D5F506642400619600CA4094 /* UIApplication+EndEditing.swift */ = {isa = PBXFileReference; lastKnownFileType = sourcecode.swift; path = "UIApplication+EndEditing.swift"; sourceTree = "<group>"; };
		D5F5067A2400788400CA4094 /* MultilineTextField.swift */ = {isa = PBXFileReference; lastKnownFileType = sourcecode.swift; path = MultilineTextField.swift; sourceTree = "<group>"; };
		D5F50682240452BC00CA4094 /* TextField+ViewData.swift */ = {isa = PBXFileReference; lastKnownFileType = sourcecode.swift; path = "TextField+ViewData.swift"; sourceTree = "<group>"; };
		D5F50684240452D700CA4094 /* DatePicker+ViewData.swift */ = {isa = PBXFileReference; lastKnownFileType = sourcecode.swift; path = "DatePicker+ViewData.swift"; sourceTree = "<group>"; };
		D5F5068B24046B1400CA4094 /* Spacing.swift */ = {isa = PBXFileReference; lastKnownFileType = sourcecode.swift; path = Spacing.swift; sourceTree = "<group>"; };
		D5F5068D240473CB00CA4094 /* FloatingDatePicker.swift */ = {isa = PBXFileReference; lastKnownFileType = sourcecode.swift; path = FloatingDatePicker.swift; sourceTree = "<group>"; };
		D5F506AF2405A6A900CA4094 /* Duration.swift */ = {isa = PBXFileReference; lastKnownFileType = sourcecode.swift; path = Duration.swift; sourceTree = "<group>"; };
		D5F506B32405ED9300CA4094 /* RoundedThickOutlineContainer.swift */ = {isa = PBXFileReference; lastKnownFileType = sourcecode.swift; path = RoundedThickOutlineContainer.swift; sourceTree = "<group>"; };
		D5F506B52406360900CA4094 /* Student.swift */ = {isa = PBXFileReference; lastKnownFileType = sourcecode.swift; path = Student.swift; sourceTree = "<group>"; };
		D5F506B72406363600CA4094 /* GenderSelectionView.swift */ = {isa = PBXFileReference; lastKnownFileType = sourcecode.swift; path = GenderSelectionView.swift; sourceTree = "<group>"; };
		D5F506B9240637F400CA4094 /* FloatingButton.swift */ = {isa = PBXFileReference; lastKnownFileType = sourcecode.swift; path = FloatingButton.swift; sourceTree = "<group>"; };
		D5F506BB2406C6A200CA4094 /* AddressDetailsView.swift */ = {isa = PBXFileReference; lastKnownFileType = sourcecode.swift; path = AddressDetailsView.swift; sourceTree = "<group>"; };
		D5F506BD2406E49A00CA4094 /* EdgeSwipeView.swift */ = {isa = PBXFileReference; lastKnownFileType = sourcecode.swift; path = EdgeSwipeView.swift; sourceTree = "<group>"; };
		D5FD6F1124096FB5008C5AD4 /* Collection+Sugar.swift */ = {isa = PBXFileReference; lastKnownFileType = sourcecode.swift; path = "Collection+Sugar.swift"; sourceTree = "<group>"; };
		D5FD6F13240985D3008C5AD4 /* View+Inset.swift */ = {isa = PBXFileReference; lastKnownFileType = sourcecode.swift; path = "View+Inset.swift"; sourceTree = "<group>"; };
/* End PBXFileReference section */

/* Begin PBXFrameworksBuildPhase section */
		03341B3823ABB1E7009AE8A8 /* Frameworks */ = {
			isa = PBXFrameworksBuildPhase;
			buildActionMask = 2147483647;
			files = (
				D535554C23E23EA7005A20EB /* Then in Frameworks */,
				D5F5066E24006CDD00CA4094 /* KeyboardObserver in Frameworks */,
				D53554FC23E0FD77005A20EB /* Sugar.framework in Frameworks */,
				D535548123E0E7C1005A20EB /* SFSafeSymbols in Frameworks */,
				D535547723DF3A19005A20EB /* Valet in Frameworks */,
				D53555D223E53704005A20EB /* FirebaseABTesting.framework in Frameworks */,
				D53555D323E53704005A20EB /* FirebaseCrashlytics.framework in Frameworks */,
				D53555D423E53704005A20EB /* FirebaseInstallations.framework in Frameworks */,
				D53555D523E53704005A20EB /* FirebasePerformance.framework in Frameworks */,
				D53555D623E53704005A20EB /* FirebaseRemoteConfig.framework in Frameworks */,
				D53555D723E53704005A20EB /* GoogleToolboxForMac.framework in Frameworks */,
				D5AAF7CB23ED850E00E410F2 /* BetterSheet in Frameworks */,
				D53555D823E53704005A20EB /* PromisesObjC.framework in Frameworks */,
				D53555D923E53704005A20EB /* Protobuf.framework in Frameworks */,
				D53555DA23E53704005A20EB /* FIRAnalyticsConnector.framework in Frameworks */,
				D53555DB23E53704005A20EB /* FirebaseAnalytics.framework in Frameworks */,
				D53555DC23E53704005A20EB /* FirebaseAuth.framework in Frameworks */,
				D53555DD23E53704005A20EB /* FirebaseCore.framework in Frameworks */,
				D53555DE23E53704005A20EB /* FirebaseCoreDiagnostics.framework in Frameworks */,
				D53555DF23E53704005A20EB /* FirebaseInstanceID.framework in Frameworks */,
				D53555E023E53704005A20EB /* GoogleAppMeasurement.framework in Frameworks */,
				D53555E123E53704005A20EB /* GoogleDataTransport.framework in Frameworks */,
				D53555E223E53704005A20EB /* GoogleDataTransportCCTSupport.framework in Frameworks */,
				D53555E323E53704005A20EB /* GoogleUtilities.framework in Frameworks */,
				D53555E423E53704005A20EB /* GTMSessionFetcher.framework in Frameworks */,
				D52BFAF023ECB651009F4498 /* ViewModel.framework in Frameworks */,
				D53555E523E53704005A20EB /* nanopb.framework in Frameworks */,
			);
			runOnlyForDeploymentPostprocessing = 0;
		};
		D52BFAD823ECB651009F4498 /* Frameworks */ = {
			isa = PBXFrameworksBuildPhase;
			buildActionMask = 2147483647;
			files = (
			);
			runOnlyForDeploymentPostprocessing = 0;
		};
		D52BFAE023ECB651009F4498 /* Frameworks */ = {
			isa = PBXFrameworksBuildPhase;
			buildActionMask = 2147483647;
			files = (
				D52BFAE423ECB651009F4498 /* ViewModel.framework in Frameworks */,
			);
			runOnlyForDeploymentPostprocessing = 0;
		};
		D53554F223E0FD77005A20EB /* Frameworks */ = {
			isa = PBXFrameworksBuildPhase;
			buildActionMask = 2147483647;
			files = (
			);
			runOnlyForDeploymentPostprocessing = 0;
		};
		D535552823E10557005A20EB /* Frameworks */ = {
			isa = PBXFrameworksBuildPhase;
			buildActionMask = 2147483647;
			files = (
			);
			runOnlyForDeploymentPostprocessing = 0;
		};
/* End PBXFrameworksBuildPhase section */

/* Begin PBXGroup section */
		03341B3223ABB1E7009AE8A8 = {
			isa = PBXGroup;
			children = (
				03341B3D23ABB1E7009AE8A8 /* Rythmico */,
				D50E4BDC23CA82E000B6FCB1 /* UI */,
				D52BFADC23ECB651009F4498 /* ViewModel */,
				D535549823E0FA4A005A20EB /* Auth */,
				D53554F623E0FD77005A20EB /* Sugar */,
				D509896423B963B700C19300 /* Frameworks */,
				03341B3C23ABB1E7009AE8A8 /* Products */,
			);
			sourceTree = "<group>";
		};
		03341B3C23ABB1E7009AE8A8 /* Products */ = {
			isa = PBXGroup;
			children = (
				03341B3B23ABB1E7009AE8A8 /* Rythmico.app */,
				D53554F523E0FD77005A20EB /* Sugar.framework */,
				D535552B23E10557005A20EB /* RythmicoTests.xctest */,
				D52BFADB23ECB651009F4498 /* ViewModel.framework */,
				D52BFAE323ECB651009F4498 /* ViewModelTests.xctest */,
			);
			name = Products;
			sourceTree = "<group>";
		};
		03341B3D23ABB1E7009AE8A8 /* Rythmico */ = {
			isa = PBXGroup;
			children = (
				D50668DA23B946330044E553 /* Rythmico.entitlements */,
				D5F506B22405B6A700CA4094 /* AppStart */,
				D54317F223FDB04E00CB1493 /* Root */,
				D54317ED23FDB00700CB1493 /* RequestLessonPlan */,
				03341B4C23ABB1E8009AE8A8 /* Info.plist */,
				D509898823BA6B4600C19300 /* GoogleService-Info-Debug.plist */,
				D509897F23B969B700C19300 /* GoogleService-Info-Release.plist */,
				D509898423B9B5C100C19300 /* GoogleService-Info.plist */,
				03341B4623ABB1E8009AE8A8 /* Preview Content */,
			);
			path = Rythmico;
			sourceTree = "<group>";
		};
		03341B4623ABB1E8009AE8A8 /* Preview Content */ = {
			isa = PBXGroup;
			children = (
				03341B4723ABB1E8009AE8A8 /* Preview Assets.xcassets */,
			);
			path = "Preview Content";
			sourceTree = "<group>";
		};
		D509896423B963B700C19300 /* Frameworks */ = {
			isa = PBXGroup;
			children = (
				D535556123E4F8BE005A20EB /* FirebaseABTesting.framework */,
				D535556423E4F8BF005A20EB /* FirebaseCrashlytics.framework */,
				D535555F23E4F8BE005A20EB /* FirebaseInstallations.framework */,
				D535556523E4F8BF005A20EB /* FirebasePerformance.framework */,
				D535556223E4F8BE005A20EB /* FirebaseRemoteConfig.framework */,
				D535555E23E4F8BE005A20EB /* GoogleToolboxForMac.framework */,
				D535556323E4F8BF005A20EB /* PromisesObjC.framework */,
				D535556023E4F8BE005A20EB /* Protobuf.framework */,
				D509896C23B963B700C19300 /* FIRAnalyticsConnector.framework */,
				D509896B23B963B700C19300 /* FirebaseAnalytics.framework */,
				D509896523B963B700C19300 /* FirebaseAuth.framework */,
				D509896F23B963B700C19300 /* FirebaseCore.framework */,
				D509896E23B963B700C19300 /* FirebaseCoreDiagnostics.framework */,
				D509896823B963B700C19300 /* FirebaseInstanceID.framework */,
				D509896D23B963B700C19300 /* GoogleAppMeasurement.framework */,
				D509896623B963B700C19300 /* GoogleDataTransport.framework */,
				D509897023B963B700C19300 /* GoogleDataTransportCCTSupport.framework */,
				D509896A23B963B700C19300 /* GoogleUtilities.framework */,
				D509896723B963B700C19300 /* GTMSessionFetcher.framework */,
				D509897123B963B700C19300 /* nanopb.framework */,
			);
			name = Frameworks;
			sourceTree = "<group>";
		};
		D50E4BDC23CA82E000B6FCB1 /* UI */ = {
			isa = PBXGroup;
			children = (
				03341B4423ABB1E8009AE8A8 /* Assets.xcassets */,
				D50811E723FD73F0008103D8 /* Assets.swift */,
				D535554F23E4AB9A005A20EB /* ActivityIndicator.swift */,
				D509898E23BA79D600C19300 /* AuthorizationAppleIDButton.swift */,
				D5F5065C23FF16AA00CA4094 /* BackButton.swift */,
				D5AAF7DA23FB347C00E410F2 /* CollectionView.swift */,
				D5F50684240452D700CA4094 /* DatePicker+ViewData.swift */,
				D5F506BD2406E49A00CA4094 /* EdgeSwipeView.swift */,
				D5F5068D240473CB00CA4094 /* FloatingDatePicker.swift */,
				D5F506B9240637F400CA4094 /* FloatingButton.swift */,
				D5E04B1823BED80700A161BB /* Fonts.swift */,
				D535554623E20076005A20EB /* Colors.swift */,
				D5F5068B24046B1400CA4094 /* Spacing.swift */,
				D5F506AF2405A6A900CA4094 /* Duration.swift */,
				D5200E3F23FDE460007168E0 /* MultiStyleText.swift */,
				D5F50682240452BC00CA4094 /* TextField+ViewData.swift */,
				D5F5067A2400788400CA4094 /* MultilineTextField.swift */,
				D5200E4123FDF091007168E0 /* TitleSubtitleView.swift */,
				D5F506602400560000CA4094 /* TitleSubtitleContentView.swift */,
				D5F5065E240055E800CA4094 /* TitleContentView.swift */,
				D5EF88B523FB706C0072BD03 /* ProgressBar.swift */,
				D5AAF7DE23FB444500E410F2 /* RoundedShadowContainer.swift */,
				D5F50662240056FA00CA4094 /* RoundedThinOutlineContainer.swift */,
				D5F506B32405ED9300CA4094 /* RoundedThickOutlineContainer.swift */,
				D50811E323FB72A3008103D8 /* StepBar.swift */,
				D5F506642400619600CA4094 /* UIApplication+EndEditing.swift */,
				D5FD6F13240985D3008C5AD4 /* View+Inset.swift */,
			);
			path = UI;
			sourceTree = "<group>";
		};
		D52BFADC23ECB651009F4498 /* ViewModel */ = {
			isa = PBXGroup;
			children = (
				D52BFADD23ECB651009F4498 /* ViewModel.h */,
				D52BFAF823ECB74A009F4498 /* ViewModel.swift */,
				D52BFAFA23ECB8DE009F4498 /* ViewModelable.swift */,
				D52BFAFC23ECBD10009F4498 /* ViewModelTests.swift */,
				D52BFADE23ECB651009F4498 /* Info.plist */,
			);
			path = ViewModel;
			sourceTree = "<group>";
		};
		D535547423DF33AA005A20EB /* Authentication */ = {
			isa = PBXGroup;
			children = (
				D54A561F23CE92AE00BC8485 /* AuthenticationError.swift */,
				D50E4BC423C7AAA900B6FCB1 /* AuthenticationService.swift */,
				D535547B23DF4D30005A20EB /* DeauthenticationService.swift */,
				D535554223E1DFEC005A20EB /* DeauthenticationServiceDoubles.swift */,
				D5B13B2D23D125E6006CBC46 /* AuthenticationServiceDoubles.swift */,
				D5B13B2B23D12520006CBC46 /* AuthenticationAccessTokenProvider.swift */,
				D5B13B2F23D1265F006CBC46 /* AuthenticationAccessTokenProviderDoubles.swift */,
				D5A32DBC23D139C000F3903C /* AuthenticationAccessTokenProviderObserver.swift */,
				D535554023E1DF8B005A20EB /* AuthenticationAccessTokenProviderObserverDoubles.swift */,
				D5BA170723D66AF500954D50 /* AuthenticationAccessTokenProviderObserverTests.swift */,
				D5BA170923D671FD00954D50 /* AuthenticationAccessTokenProviderBroadcast.swift */,
				D5BA170B23D6725B00954D50 /* AuthenticationAccessTokenProviderBroadcastDoubles.swift */,
			);
			path = Authentication;
			sourceTree = "<group>";
		};
		D535547A23DF3E81005A20EB /* Keychain */ = {
			isa = PBXGroup;
			children = (
				D535547823DF3A7C005A20EB /* Keychain.swift */,
				D535547D23DF4F44005A20EB /* KeychainDoubles.swift */,
			);
			path = Keychain;
			sourceTree = "<group>";
		};
		D535549823E0FA4A005A20EB /* Auth */ = {
			isa = PBXGroup;
			children = (
				D535547423DF33AA005A20EB /* Authentication */,
				D54A560D23CD36C500BC8485 /* Authorization */,
				D54A560723CD02CE00BC8485 /* HashFunction+Helpers.swift */,
			);
			path = Auth;
			sourceTree = "<group>";
		};
		D53554F623E0FD77005A20EB /* Sugar */ = {
			isa = PBXGroup;
			children = (
				D53554F723E0FD77005A20EB /* Sugar.h */,
				D5FD6F1124096FB5008C5AD4 /* Collection+Sugar.swift */,
				D535546E23DF2698005A20EB /* NotificationCenterProtocol.swift */,
				D535547223DF2AE2005A20EB /* NotificationCenterSpy.swift */,
				D50E4BBF23C689BA00B6FCB1 /* Typealiases.swift */,
				D53554F823E0FD77005A20EB /* Info.plist */,
			);
			path = Sugar;
			sourceTree = "<group>";
		};
		D54317ED23FDB00700CB1493 /* RequestLessonPlan */ = {
			isa = PBXGroup;
			children = (
				D54317F323FDB0DD00CB1493 /* RequestLessonPlanContext.swift */,
				D5AAF7C723ECC87000E410F2 /* RequestLessonPlanView.swift */,
				D50811EB23FDA883008103D8 /* RequestLessonPlanViewData.swift */,
				D5AAF7CE23F08FB200E410F2 /* RequestLessonPlanViewModel.swift */,
				D50811E523FB769D008103D8 /* RequestLessonPlanViewModelTests.swift */,
				D54317EE23FDB01700CB1493 /* InstrumentSelection */,
				D54317EF23FDB02600CB1493 /* Instrument */,
				D5F506B12405B5AA00CA4094 /* StudentDetails */,
				D5F506BB2406C6A200CA4094 /* AddressDetailsView.swift */,
				D5F506B52406360900CA4094 /* Student.swift */,
			);
			path = RequestLessonPlan;
			sourceTree = "<group>";
		};
		D54317EE23FDB01700CB1493 /* InstrumentSelection */ = {
			isa = PBXGroup;
			children = (
				D5AAF7D423F9E1F900E410F2 /* InstrumentSelectionListProvider.swift */,
				D5AAF7D823F9EB1200E410F2 /* InstrumentSelectionListProviderDoubles.swift */,
				D5AAF7D023F9ACFA00E410F2 /* InstrumentSelectionView.swift */,
				D5AAF7D223F9E0AD00E410F2 /* InstrumentSelectionViewModel.swift */,
				D50811E923FD75ED008103D8 /* InstrumentSelectionViewModelTests.swift */,
			);
			path = InstrumentSelection;
			sourceTree = "<group>";
		};
		D54317EF23FDB02600CB1493 /* Instrument */ = {
			isa = PBXGroup;
			children = (
				D5AAF7D623F9E20C00E410F2 /* Instrument.swift */,
				D5AAF7DC23FB431E00E410F2 /* InstrumentView.swift */,
			);
			path = Instrument;
			sourceTree = "<group>";
		};
		D54317F023FDB03300CB1493 /* Main */ = {
			isa = PBXGroup;
			children = (
				D5BA171123D7AB3B00954D50 /* MainTabView.swift */,
				03341B4223ABB1E7009AE8A8 /* MainTabViewModel.swift */,
			);
			path = Main;
			sourceTree = "<group>";
		};
		D54317F123FDB03F00CB1493 /* Onboarding */ = {
			isa = PBXGroup;
			children = (
				D5E04B1C23BEE04E00A161BB /* OnboardingView.swift */,
				D509898C23BA787500C19300 /* OnboardingViewModel.swift */,
				D535553523E105A5005A20EB /* OnboardingViewModelTests.swift */,
			);
			path = Onboarding;
			sourceTree = "<group>";
		};
		D54317F223FDB04E00CB1493 /* Root */ = {
			isa = PBXGroup;
			children = (
				D5BA170F23D7A18900954D50 /* RootView.swift */,
				D5E04B1A23BEE01B00A161BB /* RootViewModel.swift */,
				D535553723E116C9005A20EB /* RootViewModelTests.swift */,
				D54317F123FDB03F00CB1493 /* Onboarding */,
				D54317F023FDB03300CB1493 /* Main */,
				D535547A23DF3E81005A20EB /* Keychain */,
			);
			path = Root;
			sourceTree = "<group>";
		};
		D54A560D23CD36C500BC8485 /* Authorization */ = {
			isa = PBXGroup;
			children = (
				D54A561223CD4B2C00BC8485 /* AppleAuthorizationCredential.swift */,
				D535546A23DCB65A005A20EB /* AppleAuthorizationCredentialStateProvider.swift */,
				D535553A23E1DD1A005A20EB /* AppleAuthorizationCredentialStateProviderDoubles.swift */,
				D535546C23DF212C005A20EB /* AppleAuthorizationCredentialRevocationObserver.swift */,
				D535553C23E1DE15005A20EB /* AppleAuthorizationCredentialRevocationObserverDoubles.swift */,
				D535547023DF2A40005A20EB /* AppleAuthorizationCredentialRevocationObserverTests.swift */,
				D54A561023CD457800BC8485 /* AppleAuthorizationResponse.swift */,
				D535546823DCB03E005A20EB /* AppleAuthorizationResponseDoubles.swift */,
				D50E4BC123C69D0400B6FCB1 /* AppleAuthorizationService.swift */,
				D54A560E23CD384300BC8485 /* AppleAuthorizationServiceTests.swift */,
				D54A560523CA937800BC8485 /* AppleAuthorizationServiceDoubles.swift */,
				D54A560923CD27A800BC8485 /* AppleAuthorizationController.swift */,
				D54A560B23CD342E00BC8485 /* AppleAuthorizationControllerDoubles.swift */,
				D509899023BA7CE200C19300 /* AppleAuthorizationCompletionDelegate.swift */,
			);
			path = Authorization;
			sourceTree = "<group>";
		};
		D5F506B12405B5AA00CA4094 /* StudentDetails */ = {
			isa = PBXGroup;
			children = (
				D5F506B72406363600CA4094 /* GenderSelectionView.swift */,
				D5200E3823FDCEFD007168E0 /* StudentDetailsView.swift */,
				D5200E3A23FDCF35007168E0 /* StudentDetailsViewModel.swift */,
			);
			path = StudentDetails;
			sourceTree = "<group>";
		};
		D5F506B22405B6A700CA4094 /* AppStart */ = {
			isa = PBXGroup;
			children = (
				03341B4923ABB1E8009AE8A8 /* LaunchScreen.storyboard */,
				D54A561623CD577800BC8485 /* main.swift */,
				03341B3E23ABB1E7009AE8A8 /* AppDelegate.swift */,
				D535554D23E38763005A20EB /* Window.swift */,
			);
			path = AppStart;
			sourceTree = "<group>";
		};
/* End PBXGroup section */

/* Begin PBXHeadersBuildPhase section */
		D52BFAD623ECB651009F4498 /* Headers */ = {
			isa = PBXHeadersBuildPhase;
			buildActionMask = 2147483647;
			files = (
				D52BFAED23ECB651009F4498 /* ViewModel.h in Headers */,
			);
			runOnlyForDeploymentPostprocessing = 0;
		};
		D53554F023E0FD77005A20EB /* Headers */ = {
			isa = PBXHeadersBuildPhase;
			buildActionMask = 2147483647;
			files = (
				D53554F923E0FD77005A20EB /* Sugar.h in Headers */,
			);
			runOnlyForDeploymentPostprocessing = 0;
		};
/* End PBXHeadersBuildPhase section */

/* Begin PBXNativeTarget section */
		03341B3A23ABB1E7009AE8A8 /* Rythmico */ = {
			isa = PBXNativeTarget;
			buildConfigurationList = 03341B4F23ABB1E8009AE8A8 /* Build configuration list for PBXNativeTarget "Rythmico" */;
			buildPhases = (
				03341B3723ABB1E7009AE8A8 /* Sources */,
				03341B3823ABB1E7009AE8A8 /* Frameworks */,
				D53554B123E0FA4B005A20EB /* Embed Frameworks */,
				03341B3923ABB1E7009AE8A8 /* Resources */,
				D509898123B9B2E400C19300 /* Select GoogleService-Info.plist */,
			);
			buildRules = (
			);
			dependencies = (
				D53554FB23E0FD77005A20EB /* PBXTargetDependency */,
				D52BFAEF23ECB651009F4498 /* PBXTargetDependency */,
			);
			name = Rythmico;
			packageProductDependencies = (
				D535547623DF3A19005A20EB /* Valet */,
				D535548023E0E7C1005A20EB /* SFSafeSymbols */,
				D535554B23E23EA7005A20EB /* Then */,
				D5AAF7CA23ED850E00E410F2 /* BetterSheet */,
				D5F5066D24006CDD00CA4094 /* KeyboardObserver */,
			);
			productName = Rythmico;
			productReference = 03341B3B23ABB1E7009AE8A8 /* Rythmico.app */;
			productType = "com.apple.product-type.application";
		};
		D52BFADA23ECB651009F4498 /* ViewModel */ = {
			isa = PBXNativeTarget;
			buildConfigurationList = D52BFAF623ECB651009F4498 /* Build configuration list for PBXNativeTarget "ViewModel" */;
			buildPhases = (
				D52BFAD623ECB651009F4498 /* Headers */,
				D52BFAD723ECB651009F4498 /* Sources */,
				D52BFAD823ECB651009F4498 /* Frameworks */,
				D52BFAD923ECB651009F4498 /* Resources */,
			);
			buildRules = (
			);
			dependencies = (
			);
			name = ViewModel;
			productName = ViewModel;
			productReference = D52BFADB23ECB651009F4498 /* ViewModel.framework */;
			productType = "com.apple.product-type.framework";
		};
		D52BFAE223ECB651009F4498 /* ViewModelTests */ = {
			isa = PBXNativeTarget;
			buildConfigurationList = D52BFAF723ECB651009F4498 /* Build configuration list for PBXNativeTarget "ViewModelTests" */;
			buildPhases = (
				D52BFADF23ECB651009F4498 /* Sources */,
				D52BFAE023ECB651009F4498 /* Frameworks */,
				D52BFAE123ECB651009F4498 /* Resources */,
			);
			buildRules = (
			);
			dependencies = (
				D52BFAE623ECB651009F4498 /* PBXTargetDependency */,
				D52BFAE823ECB651009F4498 /* PBXTargetDependency */,
			);
			name = ViewModelTests;
			productName = ViewModelTests;
			productReference = D52BFAE323ECB651009F4498 /* ViewModelTests.xctest */;
			productType = "com.apple.product-type.bundle.unit-test";
		};
		D53554F423E0FD77005A20EB /* Sugar */ = {
			isa = PBXNativeTarget;
			buildConfigurationList = D53554FE23E0FD77005A20EB /* Build configuration list for PBXNativeTarget "Sugar" */;
			buildPhases = (
				D53554F023E0FD77005A20EB /* Headers */,
				D53554F123E0FD77005A20EB /* Sources */,
				D53554F223E0FD77005A20EB /* Frameworks */,
				D53554F323E0FD77005A20EB /* Resources */,
			);
			buildRules = (
			);
			dependencies = (
			);
			name = Sugar;
			productName = Sugar;
			productReference = D53554F523E0FD77005A20EB /* Sugar.framework */;
			productType = "com.apple.product-type.framework";
		};
		D535552A23E10557005A20EB /* RythmicoTests */ = {
			isa = PBXNativeTarget;
			buildConfigurationList = D535553223E10557005A20EB /* Build configuration list for PBXNativeTarget "RythmicoTests" */;
			buildPhases = (
				D535552723E10557005A20EB /* Sources */,
				D535552823E10557005A20EB /* Frameworks */,
				D535552923E10557005A20EB /* Resources */,
			);
			buildRules = (
			);
			dependencies = (
				D535553123E10557005A20EB /* PBXTargetDependency */,
			);
			name = RythmicoTests;
			productName = RythmicoTests;
			productReference = D535552B23E10557005A20EB /* RythmicoTests.xctest */;
			productType = "com.apple.product-type.bundle.unit-test";
		};
/* End PBXNativeTarget section */

/* Begin PBXProject section */
		03341B3323ABB1E7009AE8A8 /* Project object */ = {
			isa = PBXProject;
			attributes = {
				LastSwiftUpdateCheck = 1130;
				LastUpgradeCheck = 1120;
				ORGANIZATIONNAME = "David Roman";
				TargetAttributes = {
					03341B3A23ABB1E7009AE8A8 = {
						CreatedOnToolsVersion = 11.2.1;
					};
					D52BFADA23ECB651009F4498 = {
						CreatedOnToolsVersion = 11.3.1;
						LastSwiftMigration = 1130;
					};
					D52BFAE223ECB651009F4498 = {
						CreatedOnToolsVersion = 11.3.1;
						LastSwiftMigration = 1130;
						TestTargetID = 03341B3A23ABB1E7009AE8A8;
					};
					D53554F423E0FD77005A20EB = {
						CreatedOnToolsVersion = 11.3.1;
					};
					D535552A23E10557005A20EB = {
						CreatedOnToolsVersion = 11.3.1;
						LastSwiftMigration = 1130;
						TestTargetID = 03341B3A23ABB1E7009AE8A8;
					};
				};
			};
			buildConfigurationList = 03341B3623ABB1E7009AE8A8 /* Build configuration list for PBXProject "Rythmico" */;
			compatibilityVersion = "Xcode 9.3";
			developmentRegion = en;
			hasScannedForEncodings = 0;
			knownRegions = (
				en,
				Base,
			);
			mainGroup = 03341B3223ABB1E7009AE8A8;
			packageReferences = (
				D535547523DF3A19005A20EB /* XCRemoteSwiftPackageReference "Valet" */,
				D535547F23E0E7C1005A20EB /* XCRemoteSwiftPackageReference "SFSafeSymbols" */,
				D535554A23E23EA7005A20EB /* XCRemoteSwiftPackageReference "Then" */,
				D5AAF7C923ED850E00E410F2 /* XCRemoteSwiftPackageReference "BetterSheet" */,
				D5F5066C24006CDD00CA4094 /* XCRemoteSwiftPackageReference "KeyboardObserver" */,
			);
			productRefGroup = 03341B3C23ABB1E7009AE8A8 /* Products */;
			projectDirPath = "";
			projectRoot = "";
			targets = (
				03341B3A23ABB1E7009AE8A8 /* Rythmico */,
				D535552A23E10557005A20EB /* RythmicoTests */,
				D52BFADA23ECB651009F4498 /* ViewModel */,
				D52BFAE223ECB651009F4498 /* ViewModelTests */,
				D53554F423E0FD77005A20EB /* Sugar */,
			);
		};
/* End PBXProject section */

/* Begin PBXResourcesBuildPhase section */
		03341B3923ABB1E7009AE8A8 /* Resources */ = {
			isa = PBXResourcesBuildPhase;
			buildActionMask = 2147483647;
			files = (
				D509898023B969B700C19300 /* GoogleService-Info-Release.plist in Resources */,
				03341B4B23ABB1E8009AE8A8 /* LaunchScreen.storyboard in Resources */,
				03341B4823ABB1E8009AE8A8 /* Preview Assets.xcassets in Resources */,
				03341B4523ABB1E8009AE8A8 /* Assets.xcassets in Resources */,
				D509898523B9B5C100C19300 /* GoogleService-Info.plist in Resources */,
				D509898923BA6B4600C19300 /* GoogleService-Info-Debug.plist in Resources */,
			);
			runOnlyForDeploymentPostprocessing = 0;
		};
		D52BFAD923ECB651009F4498 /* Resources */ = {
			isa = PBXResourcesBuildPhase;
			buildActionMask = 2147483647;
			files = (
			);
			runOnlyForDeploymentPostprocessing = 0;
		};
		D52BFAE123ECB651009F4498 /* Resources */ = {
			isa = PBXResourcesBuildPhase;
			buildActionMask = 2147483647;
			files = (
			);
			runOnlyForDeploymentPostprocessing = 0;
		};
		D53554F323E0FD77005A20EB /* Resources */ = {
			isa = PBXResourcesBuildPhase;
			buildActionMask = 2147483647;
			files = (
			);
			runOnlyForDeploymentPostprocessing = 0;
		};
		D535552923E10557005A20EB /* Resources */ = {
			isa = PBXResourcesBuildPhase;
			buildActionMask = 2147483647;
			files = (
			);
			runOnlyForDeploymentPostprocessing = 0;
		};
/* End PBXResourcesBuildPhase section */

/* Begin PBXShellScriptBuildPhase section */
		D509898123B9B2E400C19300 /* Select GoogleService-Info.plist */ = {
			isa = PBXShellScriptBuildPhase;
			buildActionMask = 2147483647;
			files = (
			);
			inputFileListPaths = (
			);
			inputPaths = (
			);
			name = "Select GoogleService-Info.plist";
			outputFileListPaths = (
			);
			outputPaths = (
			);
			runOnlyForDeploymentPostprocessing = 0;
			shellPath = /bin/sh;
			shellScript = "${SRCROOT}/script/build_phase_select_google_info_plist\n";
		};
/* End PBXShellScriptBuildPhase section */

/* Begin PBXSourcesBuildPhase section */
		03341B3723ABB1E7009AE8A8 /* Sources */ = {
			isa = PBXSourcesBuildPhase;
			buildActionMask = 2147483647;
			files = (
				03341B3F23ABB1E7009AE8A8 /* AppDelegate.swift in Sources */,
				D53555C023E53699005A20EB /* AuthenticationAccessTokenProviderBroadcastDoubles.swift in Sources */,
				D5200E3923FDCEFD007168E0 /* StudentDetailsView.swift in Sources */,
				D5F5068E240473CB00CA4094 /* FloatingDatePicker.swift in Sources */,
				D5AAF7D323F9E0AD00E410F2 /* InstrumentSelectionViewModel.swift in Sources */,
				D5AAF7C823ECC87000E410F2 /* RequestLessonPlanView.swift in Sources */,
				D5BA171223D7AB3B00954D50 /* MainTabView.swift in Sources */,
				D53555CF23E536AE005A20EB /* AppleAuthorizationCompletionDelegate.swift in Sources */,
				D50811EC23FDA883008103D8 /* RequestLessonPlanViewData.swift in Sources */,
				D535547E23DF4F44005A20EB /* KeychainDoubles.swift in Sources */,
				D53555C623E536AE005A20EB /* AppleAuthorizationCredentialRevocationObserverDoubles.swift in Sources */,
				D5F50685240452D800CA4094 /* DatePicker+ViewData.swift in Sources */,
				D53555BD23E53699005A20EB /* AuthenticationAccessTokenProviderObserverDoubles.swift in Sources */,
				D5AAF7CF23F08FB200E410F2 /* RequestLessonPlanViewModel.swift in Sources */,
				D53555C323E536AE005A20EB /* AppleAuthorizationCredentialStateProvider.swift in Sources */,
				D5AAF7D123F9ACFA00E410F2 /* InstrumentSelectionView.swift in Sources */,
				D53555B623E53699005A20EB /* AuthenticationService.swift in Sources */,
				D53555BB23E53699005A20EB /* AuthenticationAccessTokenProviderDoubles.swift in Sources */,
				D53555C223E536AE005A20EB /* AppleAuthorizationCredential.swift in Sources */,
				D53555C923E536AE005A20EB /* AppleAuthorizationResponseDoubles.swift in Sources */,
				D53555B723E53699005A20EB /* DeauthenticationService.swift in Sources */,
				D5200E4023FDE460007168E0 /* MultiStyleText.swift in Sources */,
				D5F506B42405ED9300CA4094 /* RoundedThickOutlineContainer.swift in Sources */,
				D5AAF7DF23FB444500E410F2 /* RoundedShadowContainer.swift in Sources */,
				D535554723E20076005A20EB /* Colors.swift in Sources */,
				D53555B923E53699005A20EB /* AuthenticationServiceDoubles.swift in Sources */,
				D50811E423FB72A3008103D8 /* StepBar.swift in Sources */,
				D5F506612400560000CA4094 /* TitleSubtitleContentView.swift in Sources */,
				D5AAF7D523F9E1F900E410F2 /* InstrumentSelectionListProvider.swift in Sources */,
				D5BA171023D7A18900954D50 /* RootView.swift in Sources */,
				D5F50683240452BC00CA4094 /* TextField+ViewData.swift in Sources */,
				D5200E4223FDF091007168E0 /* TitleSubtitleView.swift in Sources */,
				D5F506BC2406C6A200CA4094 /* AddressDetailsView.swift in Sources */,
				D509898D23BA787500C19300 /* OnboardingViewModel.swift in Sources */,
				D53555D123E536B7005A20EB /* HashFunction+Helpers.swift in Sources */,
				D53555CE23E536AE005A20EB /* AppleAuthorizationControllerDoubles.swift in Sources */,
				D5E04B1D23BEE04E00A161BB /* OnboardingView.swift in Sources */,
				D5F506652400619600CA4094 /* UIApplication+EndEditing.swift in Sources */,
				D5AAF7D723F9E20C00E410F2 /* Instrument.swift in Sources */,
				D5F5065D23FF16AA00CA4094 /* BackButton.swift in Sources */,
				D53555C523E536AE005A20EB /* AppleAuthorizationCredentialRevocationObserver.swift in Sources */,
				D53555C823E536AE005A20EB /* AppleAuthorizationResponse.swift in Sources */,
				D5E04B1923BED80700A161BB /* Fonts.swift in Sources */,
				D5F506B82406363600CA4094 /* GenderSelectionView.swift in Sources */,
				D509898F23BA79D600C19300 /* AuthorizationAppleIDButton.swift in Sources */,
				D5F506B02405A6A900CA4094 /* Duration.swift in Sources */,
				D5AAF7D923F9EB1200E410F2 /* InstrumentSelectionListProviderDoubles.swift in Sources */,
				03341B4323ABB1E7009AE8A8 /* MainTabViewModel.swift in Sources */,
				D5F5067B2400788400CA4094 /* MultilineTextField.swift in Sources */,
				D5200E3B23FDCF35007168E0 /* StudentDetailsViewModel.swift in Sources */,
				D50811E823FD73F0008103D8 /* Assets.swift in Sources */,
				D5F5065F240055E800CA4094 /* TitleContentView.swift in Sources */,
				D5FD6F14240985D3008C5AD4 /* View+Inset.swift in Sources */,
				D5F50663240056FA00CA4094 /* RoundedThinOutlineContainer.swift in Sources */,
				D53555C423E536AE005A20EB /* AppleAuthorizationCredentialStateProviderDoubles.swift in Sources */,
				D53555CD23E536AE005A20EB /* AppleAuthorizationController.swift in Sources */,
				D53555BA23E53699005A20EB /* AuthenticationAccessTokenProvider.swift in Sources */,
				D5AAF7DD23FB431E00E410F2 /* InstrumentView.swift in Sources */,
				D53555BC23E53699005A20EB /* AuthenticationAccessTokenProviderObserver.swift in Sources */,
				D535554E23E38763005A20EB /* Window.swift in Sources */,
				D535555023E4AB9A005A20EB /* ActivityIndicator.swift in Sources */,
				D53555B823E53699005A20EB /* DeauthenticationServiceDoubles.swift in Sources */,
				D53555B523E53699005A20EB /* AuthenticationError.swift in Sources */,
				D53555CA23E536AE005A20EB /* AppleAuthorizationService.swift in Sources */,
				D54A561723CD577800BC8485 /* main.swift in Sources */,
				D5F506BA240637F400CA4094 /* FloatingButton.swift in Sources */,
				D53555CC23E536AE005A20EB /* AppleAuthorizationServiceDoubles.swift in Sources */,
				D5F506BE2406E49A00CA4094 /* EdgeSwipeView.swift in Sources */,
				D5AAF7DB23FB347C00E410F2 /* CollectionView.swift in Sources */,
				D54317F423FDB0DD00CB1493 /* RequestLessonPlanContext.swift in Sources */,
				D5F5068C24046B1400CA4094 /* Spacing.swift in Sources */,
				D5E04B1B23BEE01B00A161BB /* RootViewModel.swift in Sources */,
				D535547923DF3A7C005A20EB /* Keychain.swift in Sources */,
				D5EF88B623FB706C0072BD03 /* ProgressBar.swift in Sources */,
				D5F506B62406360900CA4094 /* Student.swift in Sources */,
				D53555BF23E53699005A20EB /* AuthenticationAccessTokenProviderBroadcast.swift in Sources */,
			);
			runOnlyForDeploymentPostprocessing = 0;
		};
		D52BFAD723ECB651009F4498 /* Sources */ = {
			isa = PBXSourcesBuildPhase;
			buildActionMask = 2147483647;
			files = (
				D52BFAFB23ECB8DE009F4498 /* ViewModelable.swift in Sources */,
				D52BFAF923ECB74A009F4498 /* ViewModel.swift in Sources */,
			);
			runOnlyForDeploymentPostprocessing = 0;
		};
		D52BFADF23ECB651009F4498 /* Sources */ = {
			isa = PBXSourcesBuildPhase;
			buildActionMask = 2147483647;
			files = (
				D52BFAFD23ECBD10009F4498 /* ViewModelTests.swift in Sources */,
			);
			runOnlyForDeploymentPostprocessing = 0;
		};
		D53554F123E0FD77005A20EB /* Sources */ = {
			isa = PBXSourcesBuildPhase;
			buildActionMask = 2147483647;
			files = (
				D535550223E0FD9F005A20EB /* NotificationCenterSpy.swift in Sources */,
				D535550123E0FD9F005A20EB /* NotificationCenterProtocol.swift in Sources */,
				D5FD6F1224096FB5008C5AD4 /* Collection+Sugar.swift in Sources */,
				D535550323E0FD9F005A20EB /* Typealiases.swift in Sources */,
			);
			runOnlyForDeploymentPostprocessing = 0;
		};
		D535552723E10557005A20EB /* Sources */ = {
			isa = PBXSourcesBuildPhase;
			buildActionMask = 2147483647;
			files = (
				D535553823E116C9005A20EB /* RootViewModelTests.swift in Sources */,
				D53555E623E5383C005A20EB /* AppleAuthorizationServiceTests.swift in Sources */,
				D535553623E105A5005A20EB /* OnboardingViewModelTests.swift in Sources */,
				D50811E623FB769D008103D8 /* RequestLessonPlanViewModelTests.swift in Sources */,
				D53555C123E536A6005A20EB /* AuthenticationAccessTokenProviderObserverTests.swift in Sources */,
				D53555D023E536B5005A20EB /* AppleAuthorizationCredentialRevocationObserverTests.swift in Sources */,
				D50811EA23FD75ED008103D8 /* InstrumentSelectionViewModelTests.swift in Sources */,
			);
			runOnlyForDeploymentPostprocessing = 0;
		};
/* End PBXSourcesBuildPhase section */

/* Begin PBXTargetDependency section */
		D52BFAE623ECB651009F4498 /* PBXTargetDependency */ = {
			isa = PBXTargetDependency;
			target = D52BFADA23ECB651009F4498 /* ViewModel */;
			targetProxy = D52BFAE523ECB651009F4498 /* PBXContainerItemProxy */;
		};
		D52BFAE823ECB651009F4498 /* PBXTargetDependency */ = {
			isa = PBXTargetDependency;
			target = 03341B3A23ABB1E7009AE8A8 /* Rythmico */;
			targetProxy = D52BFAE723ECB651009F4498 /* PBXContainerItemProxy */;
		};
		D52BFAEF23ECB651009F4498 /* PBXTargetDependency */ = {
			isa = PBXTargetDependency;
			target = D52BFADA23ECB651009F4498 /* ViewModel */;
			targetProxy = D52BFAEE23ECB651009F4498 /* PBXContainerItemProxy */;
		};
		D53554FB23E0FD77005A20EB /* PBXTargetDependency */ = {
			isa = PBXTargetDependency;
			target = D53554F423E0FD77005A20EB /* Sugar */;
			targetProxy = D53554FA23E0FD77005A20EB /* PBXContainerItemProxy */;
		};
		D535553123E10557005A20EB /* PBXTargetDependency */ = {
			isa = PBXTargetDependency;
			target = 03341B3A23ABB1E7009AE8A8 /* Rythmico */;
			targetProxy = D535553023E10557005A20EB /* PBXContainerItemProxy */;
		};
/* End PBXTargetDependency section */

/* Begin PBXVariantGroup section */
		03341B4923ABB1E8009AE8A8 /* LaunchScreen.storyboard */ = {
			isa = PBXVariantGroup;
			children = (
				03341B4A23ABB1E8009AE8A8 /* Base */,
			);
			name = LaunchScreen.storyboard;
			sourceTree = "<group>";
		};
/* End PBXVariantGroup section */

/* Begin XCBuildConfiguration section */
		03341B4D23ABB1E8009AE8A8 /* Debug */ = {
			isa = XCBuildConfiguration;
			buildSettings = {
				ALWAYS_SEARCH_USER_PATHS = NO;
				CLANG_ANALYZER_NONNULL = YES;
				CLANG_ANALYZER_NUMBER_OBJECT_CONVERSION = YES_AGGRESSIVE;
				CLANG_CXX_LANGUAGE_STANDARD = "gnu++14";
				CLANG_CXX_LIBRARY = "libc++";
				CLANG_ENABLE_MODULES = YES;
				CLANG_ENABLE_OBJC_ARC = YES;
				CLANG_ENABLE_OBJC_WEAK = YES;
				CLANG_WARN_BLOCK_CAPTURE_AUTORELEASING = YES;
				CLANG_WARN_BOOL_CONVERSION = YES;
				CLANG_WARN_COMMA = YES;
				CLANG_WARN_CONSTANT_CONVERSION = YES;
				CLANG_WARN_DEPRECATED_OBJC_IMPLEMENTATIONS = YES;
				CLANG_WARN_DIRECT_OBJC_ISA_USAGE = YES_ERROR;
				CLANG_WARN_DOCUMENTATION_COMMENTS = YES;
				CLANG_WARN_EMPTY_BODY = YES;
				CLANG_WARN_ENUM_CONVERSION = YES;
				CLANG_WARN_INFINITE_RECURSION = YES;
				CLANG_WARN_INT_CONVERSION = YES;
				CLANG_WARN_NON_LITERAL_NULL_CONVERSION = YES;
				CLANG_WARN_OBJC_IMPLICIT_RETAIN_SELF = YES;
				CLANG_WARN_OBJC_LITERAL_CONVERSION = YES;
				CLANG_WARN_OBJC_ROOT_CLASS = YES_ERROR;
				CLANG_WARN_RANGE_LOOP_ANALYSIS = YES;
				CLANG_WARN_STRICT_PROTOTYPES = YES;
				CLANG_WARN_SUSPICIOUS_MOVE = YES;
				CLANG_WARN_UNGUARDED_AVAILABILITY = YES_AGGRESSIVE;
				CLANG_WARN_UNREACHABLE_CODE = YES;
				CLANG_WARN__DUPLICATE_METHOD_MATCH = YES;
				COPY_PHASE_STRIP = NO;
				CURRENT_PROJECT_VERSION = 0;
				DEBUG_INFORMATION_FORMAT = dwarf;
				ENABLE_STRICT_OBJC_MSGSEND = YES;
				ENABLE_TESTABILITY = YES;
				GCC_C_LANGUAGE_STANDARD = gnu11;
				GCC_DYNAMIC_NO_PIC = NO;
				GCC_NO_COMMON_BLOCKS = YES;
				GCC_OPTIMIZATION_LEVEL = 0;
				GCC_PREPROCESSOR_DEFINITIONS = (
					"DEBUG=1",
					"$(inherited)",
				);
				GCC_WARN_64_TO_32_BIT_CONVERSION = YES;
				GCC_WARN_ABOUT_RETURN_TYPE = YES_ERROR;
				GCC_WARN_UNDECLARED_SELECTOR = YES;
				GCC_WARN_UNINITIALIZED_AUTOS = YES_AGGRESSIVE;
				GCC_WARN_UNUSED_FUNCTION = YES;
				GCC_WARN_UNUSED_VARIABLE = YES;
				IPHONEOS_DEPLOYMENT_TARGET = 13.0;
				MTL_ENABLE_DEBUG_INFO = INCLUDE_SOURCE;
				MTL_FAST_MATH = YES;
				ONLY_ACTIVE_ARCH = YES;
				OTHER_SWIFT_FLAGS = "-DDEBUG";
				SDKROOT = iphoneos;
				SWIFT_ACTIVE_COMPILATION_CONDITIONS = DEBUG;
				SWIFT_OPTIMIZATION_LEVEL = "-Onone";
			};
			name = Debug;
		};
		03341B4E23ABB1E8009AE8A8 /* Release */ = {
			isa = XCBuildConfiguration;
			buildSettings = {
				ALWAYS_SEARCH_USER_PATHS = NO;
				CLANG_ANALYZER_NONNULL = YES;
				CLANG_ANALYZER_NUMBER_OBJECT_CONVERSION = YES_AGGRESSIVE;
				CLANG_CXX_LANGUAGE_STANDARD = "gnu++14";
				CLANG_CXX_LIBRARY = "libc++";
				CLANG_ENABLE_MODULES = YES;
				CLANG_ENABLE_OBJC_ARC = YES;
				CLANG_ENABLE_OBJC_WEAK = YES;
				CLANG_WARN_BLOCK_CAPTURE_AUTORELEASING = YES;
				CLANG_WARN_BOOL_CONVERSION = YES;
				CLANG_WARN_COMMA = YES;
				CLANG_WARN_CONSTANT_CONVERSION = YES;
				CLANG_WARN_DEPRECATED_OBJC_IMPLEMENTATIONS = YES;
				CLANG_WARN_DIRECT_OBJC_ISA_USAGE = YES_ERROR;
				CLANG_WARN_DOCUMENTATION_COMMENTS = YES;
				CLANG_WARN_EMPTY_BODY = YES;
				CLANG_WARN_ENUM_CONVERSION = YES;
				CLANG_WARN_INFINITE_RECURSION = YES;
				CLANG_WARN_INT_CONVERSION = YES;
				CLANG_WARN_NON_LITERAL_NULL_CONVERSION = YES;
				CLANG_WARN_OBJC_IMPLICIT_RETAIN_SELF = YES;
				CLANG_WARN_OBJC_LITERAL_CONVERSION = YES;
				CLANG_WARN_OBJC_ROOT_CLASS = YES_ERROR;
				CLANG_WARN_RANGE_LOOP_ANALYSIS = YES;
				CLANG_WARN_STRICT_PROTOTYPES = YES;
				CLANG_WARN_SUSPICIOUS_MOVE = YES;
				CLANG_WARN_UNGUARDED_AVAILABILITY = YES_AGGRESSIVE;
				CLANG_WARN_UNREACHABLE_CODE = YES;
				CLANG_WARN__DUPLICATE_METHOD_MATCH = YES;
				COPY_PHASE_STRIP = NO;
				CURRENT_PROJECT_VERSION = 0;
				DEBUG_INFORMATION_FORMAT = "dwarf-with-dsym";
				ENABLE_NS_ASSERTIONS = NO;
				ENABLE_STRICT_OBJC_MSGSEND = YES;
				GCC_C_LANGUAGE_STANDARD = gnu11;
				GCC_NO_COMMON_BLOCKS = YES;
				GCC_WARN_64_TO_32_BIT_CONVERSION = YES;
				GCC_WARN_ABOUT_RETURN_TYPE = YES_ERROR;
				GCC_WARN_UNDECLARED_SELECTOR = YES;
				GCC_WARN_UNINITIALIZED_AUTOS = YES_AGGRESSIVE;
				GCC_WARN_UNUSED_FUNCTION = YES;
				GCC_WARN_UNUSED_VARIABLE = YES;
				IPHONEOS_DEPLOYMENT_TARGET = 13.0;
				MTL_ENABLE_DEBUG_INFO = NO;
				MTL_FAST_MATH = YES;
				SDKROOT = iphoneos;
				SWIFT_COMPILATION_MODE = wholemodule;
				SWIFT_OPTIMIZATION_LEVEL = "-O";
				VALIDATE_PRODUCT = YES;
			};
			name = Release;
		};
		03341B5023ABB1E8009AE8A8 /* Debug */ = {
			isa = XCBuildConfiguration;
			buildSettings = {
				ALWAYS_EMBED_SWIFT_STANDARD_LIBRARIES = YES;
				ASSETCATALOG_COMPILER_APPICON_NAME = AppIcon;
				CODE_SIGN_ENTITLEMENTS = Rythmico/Rythmico.entitlements;
				CODE_SIGN_STYLE = Automatic;
				DEVELOPMENT_ASSET_PATHS = "\"Rythmico/Preview Content\"";
				DEVELOPMENT_TEAM = 72N659HYBR;
				ENABLE_PREVIEWS = YES;
				FRAMEWORK_SEARCH_PATHS = (
					"$(inherited)",
					"$(PROJECT_DIR)/Carthage/Build/iOS",
				);
				INFOPLIST_FILE = Rythmico/Info.plist;
				LD_RUNPATH_SEARCH_PATHS = (
					"$(inherited)",
					"@executable_path/Frameworks",
				);
				OTHER_LDFLAGS = (
					"$(OTHER_LDFLAGS)",
					"-ObjC",
				);
				PRODUCT_BUNDLE_IDENTIFIER = com.rythmico.student;
				PRODUCT_NAME = "$(TARGET_NAME)";
				SWIFT_VERSION = 5.0;
				TARGETED_DEVICE_FAMILY = "1,2";
			};
			name = Debug;
		};
		03341B5123ABB1E8009AE8A8 /* Release */ = {
			isa = XCBuildConfiguration;
			buildSettings = {
				ALWAYS_EMBED_SWIFT_STANDARD_LIBRARIES = YES;
				ASSETCATALOG_COMPILER_APPICON_NAME = AppIcon;
				CODE_SIGN_ENTITLEMENTS = Rythmico/Rythmico.entitlements;
				CODE_SIGN_STYLE = Automatic;
				DEVELOPMENT_ASSET_PATHS = "\"Rythmico/Preview Content\"";
				DEVELOPMENT_TEAM = 72N659HYBR;
				ENABLE_PREVIEWS = YES;
				FRAMEWORK_SEARCH_PATHS = (
					"$(inherited)",
					"$(PROJECT_DIR)/Carthage/Build/iOS",
				);
				INFOPLIST_FILE = Rythmico/Info.plist;
				LD_RUNPATH_SEARCH_PATHS = (
					"$(inherited)",
					"@executable_path/Frameworks",
				);
				OTHER_LDFLAGS = (
					"$(OTHER_LDFLAGS)",
					"-ObjC",
				);
				PRODUCT_BUNDLE_IDENTIFIER = com.rythmico.student;
				PRODUCT_NAME = "$(TARGET_NAME)";
				SWIFT_VERSION = 5.0;
				TARGETED_DEVICE_FAMILY = "1,2";
			};
			name = Release;
		};
		D52BFAF223ECB651009F4498 /* Debug */ = {
			isa = XCBuildConfiguration;
			buildSettings = {
				CLANG_ENABLE_MODULES = YES;
				CODE_SIGN_STYLE = Automatic;
				CURRENT_PROJECT_VERSION = 1;
				DEFINES_MODULE = YES;
				DEVELOPMENT_TEAM = 72N659HYBR;
				DYLIB_COMPATIBILITY_VERSION = 1;
				DYLIB_CURRENT_VERSION = 1;
				DYLIB_INSTALL_NAME_BASE = "@rpath";
				INFOPLIST_FILE = ViewModel/Info.plist;
				INSTALL_PATH = "$(LOCAL_LIBRARY_DIR)/Frameworks";
				IPHONEOS_DEPLOYMENT_TARGET = 13.0;
				LD_RUNPATH_SEARCH_PATHS = (
					"$(inherited)",
					"@executable_path/Frameworks",
					"@loader_path/Frameworks",
				);
				PRODUCT_BUNDLE_IDENTIFIER = com.rythmico.ViewModel;
				PRODUCT_NAME = "$(TARGET_NAME:c99extidentifier)";
				SKIP_INSTALL = YES;
				SWIFT_OPTIMIZATION_LEVEL = "-Onone";
				SWIFT_VERSION = 5.0;
				TARGETED_DEVICE_FAMILY = "1,2";
				VERSIONING_SYSTEM = "apple-generic";
				VERSION_INFO_PREFIX = "";
			};
			name = Debug;
		};
		D52BFAF323ECB651009F4498 /* Release */ = {
			isa = XCBuildConfiguration;
			buildSettings = {
				CLANG_ENABLE_MODULES = YES;
				CODE_SIGN_STYLE = Automatic;
				CURRENT_PROJECT_VERSION = 1;
				DEFINES_MODULE = YES;
				DEVELOPMENT_TEAM = 72N659HYBR;
				DYLIB_COMPATIBILITY_VERSION = 1;
				DYLIB_CURRENT_VERSION = 1;
				DYLIB_INSTALL_NAME_BASE = "@rpath";
				INFOPLIST_FILE = ViewModel/Info.plist;
				INSTALL_PATH = "$(LOCAL_LIBRARY_DIR)/Frameworks";
				IPHONEOS_DEPLOYMENT_TARGET = 13.0;
				LD_RUNPATH_SEARCH_PATHS = (
					"$(inherited)",
					"@executable_path/Frameworks",
					"@loader_path/Frameworks",
				);
				PRODUCT_BUNDLE_IDENTIFIER = com.rythmico.ViewModel;
				PRODUCT_NAME = "$(TARGET_NAME:c99extidentifier)";
				SKIP_INSTALL = YES;
				SWIFT_VERSION = 5.0;
				TARGETED_DEVICE_FAMILY = "1,2";
				VERSIONING_SYSTEM = "apple-generic";
				VERSION_INFO_PREFIX = "";
			};
			name = Release;
		};
		D52BFAF423ECB651009F4498 /* Debug */ = {
			isa = XCBuildConfiguration;
			buildSettings = {
				ALWAYS_EMBED_SWIFT_STANDARD_LIBRARIES = YES;
				CLANG_ENABLE_MODULES = YES;
				CODE_SIGN_STYLE = Automatic;
				DEVELOPMENT_TEAM = 72N659HYBR;
				INFOPLIST_FILE = ViewModel/Info.plist;
				IPHONEOS_DEPLOYMENT_TARGET = 13.2;
				LD_RUNPATH_SEARCH_PATHS = (
					"$(inherited)",
					"@executable_path/Frameworks",
					"@loader_path/Frameworks",
				);
				PRODUCT_BUNDLE_IDENTIFIER = com.rythmico.ViewModelTests;
				PRODUCT_NAME = "$(TARGET_NAME)";
				SWIFT_OPTIMIZATION_LEVEL = "-Onone";
				SWIFT_VERSION = 5.0;
				TARGETED_DEVICE_FAMILY = "1,2";
				TEST_HOST = "$(BUILT_PRODUCTS_DIR)/Rythmico.app/Rythmico";
			};
			name = Debug;
		};
		D52BFAF523ECB651009F4498 /* Release */ = {
			isa = XCBuildConfiguration;
			buildSettings = {
				ALWAYS_EMBED_SWIFT_STANDARD_LIBRARIES = YES;
				CLANG_ENABLE_MODULES = YES;
				CODE_SIGN_STYLE = Automatic;
				DEVELOPMENT_TEAM = 72N659HYBR;
				INFOPLIST_FILE = ViewModel/Info.plist;
				IPHONEOS_DEPLOYMENT_TARGET = 13.2;
				LD_RUNPATH_SEARCH_PATHS = (
					"$(inherited)",
					"@executable_path/Frameworks",
					"@loader_path/Frameworks",
				);
				PRODUCT_BUNDLE_IDENTIFIER = com.rythmico.ViewModelTests;
				PRODUCT_NAME = "$(TARGET_NAME)";
				SWIFT_VERSION = 5.0;
				TARGETED_DEVICE_FAMILY = "1,2";
				TEST_HOST = "$(BUILT_PRODUCTS_DIR)/Rythmico.app/Rythmico";
			};
			name = Release;
		};
		D53554FF23E0FD77005A20EB /* Debug */ = {
			isa = XCBuildConfiguration;
			buildSettings = {
				CODE_SIGN_STYLE = Automatic;
				DEFINES_MODULE = YES;
				DEVELOPMENT_TEAM = 72N659HYBR;
				DYLIB_COMPATIBILITY_VERSION = 1;
				DYLIB_CURRENT_VERSION = 1;
				DYLIB_INSTALL_NAME_BASE = "@rpath";
				INFOPLIST_FILE = Sugar/Info.plist;
				INSTALL_PATH = "$(LOCAL_LIBRARY_DIR)/Frameworks";
				IPHONEOS_DEPLOYMENT_TARGET = 13.0;
				LD_RUNPATH_SEARCH_PATHS = (
					"$(inherited)",
					"@executable_path/Frameworks",
					"@loader_path/Frameworks",
				);
				PRODUCT_BUNDLE_IDENTIFIER = com.rythmico.Sugar;
				PRODUCT_NAME = "$(TARGET_NAME:c99extidentifier)";
				SKIP_INSTALL = YES;
				SWIFT_VERSION = 5.0;
				TARGETED_DEVICE_FAMILY = "1,2";
				VERSIONING_SYSTEM = "apple-generic";
				VERSION_INFO_PREFIX = "";
			};
			name = Debug;
		};
		D535550023E0FD77005A20EB /* Release */ = {
			isa = XCBuildConfiguration;
			buildSettings = {
				CODE_SIGN_STYLE = Automatic;
				DEFINES_MODULE = YES;
				DEVELOPMENT_TEAM = 72N659HYBR;
				DYLIB_COMPATIBILITY_VERSION = 1;
				DYLIB_CURRENT_VERSION = 1;
				DYLIB_INSTALL_NAME_BASE = "@rpath";
				INFOPLIST_FILE = Sugar/Info.plist;
				INSTALL_PATH = "$(LOCAL_LIBRARY_DIR)/Frameworks";
				IPHONEOS_DEPLOYMENT_TARGET = 13.0;
				LD_RUNPATH_SEARCH_PATHS = (
					"$(inherited)",
					"@executable_path/Frameworks",
					"@loader_path/Frameworks",
				);
				PRODUCT_BUNDLE_IDENTIFIER = com.rythmico.Sugar;
				PRODUCT_NAME = "$(TARGET_NAME:c99extidentifier)";
				SKIP_INSTALL = YES;
				SWIFT_VERSION = 5.0;
				TARGETED_DEVICE_FAMILY = "1,2";
				VERSIONING_SYSTEM = "apple-generic";
				VERSION_INFO_PREFIX = "";
			};
			name = Release;
		};
		D535553323E10557005A20EB /* Debug */ = {
			isa = XCBuildConfiguration;
			buildSettings = {
				BUNDLE_LOADER = "$(TEST_HOST)";
				CLANG_ENABLE_MODULES = YES;
				CODE_SIGN_STYLE = Automatic;
				DEVELOPMENT_TEAM = 72N659HYBR;
				INFOPLIST_FILE = Rythmico/Info.plist;
				IPHONEOS_DEPLOYMENT_TARGET = 13.2;
				LD_RUNPATH_SEARCH_PATHS = (
					"$(inherited)",
					"@executable_path/Frameworks",
					"@loader_path/Frameworks",
				);
				PRODUCT_BUNDLE_IDENTIFIER = com.rythmico.RythmicoTests;
				PRODUCT_NAME = "$(TARGET_NAME)";
				SWIFT_OPTIMIZATION_LEVEL = "-Onone";
				SWIFT_VERSION = 5.0;
				TARGETED_DEVICE_FAMILY = "1,2";
				TEST_HOST = "$(BUILT_PRODUCTS_DIR)/Rythmico.app/Rythmico";
			};
			name = Debug;
		};
		D535553423E10557005A20EB /* Release */ = {
			isa = XCBuildConfiguration;
			buildSettings = {
				BUNDLE_LOADER = "$(TEST_HOST)";
				CLANG_ENABLE_MODULES = YES;
				CODE_SIGN_STYLE = Automatic;
				DEVELOPMENT_TEAM = 72N659HYBR;
				INFOPLIST_FILE = Rythmico/Info.plist;
				IPHONEOS_DEPLOYMENT_TARGET = 13.2;
				LD_RUNPATH_SEARCH_PATHS = (
					"$(inherited)",
					"@executable_path/Frameworks",
					"@loader_path/Frameworks",
				);
				PRODUCT_BUNDLE_IDENTIFIER = com.rythmico.RythmicoTests;
				PRODUCT_NAME = "$(TARGET_NAME)";
				SWIFT_VERSION = 5.0;
				TARGETED_DEVICE_FAMILY = "1,2";
				TEST_HOST = "$(BUILT_PRODUCTS_DIR)/Rythmico.app/Rythmico";
			};
			name = Release;
		};
/* End XCBuildConfiguration section */

/* Begin XCConfigurationList section */
		03341B3623ABB1E7009AE8A8 /* Build configuration list for PBXProject "Rythmico" */ = {
			isa = XCConfigurationList;
			buildConfigurations = (
				03341B4D23ABB1E8009AE8A8 /* Debug */,
				03341B4E23ABB1E8009AE8A8 /* Release */,
			);
			defaultConfigurationIsVisible = 0;
			defaultConfigurationName = Release;
		};
		03341B4F23ABB1E8009AE8A8 /* Build configuration list for PBXNativeTarget "Rythmico" */ = {
			isa = XCConfigurationList;
			buildConfigurations = (
				03341B5023ABB1E8009AE8A8 /* Debug */,
				03341B5123ABB1E8009AE8A8 /* Release */,
			);
			defaultConfigurationIsVisible = 0;
			defaultConfigurationName = Release;
		};
		D52BFAF623ECB651009F4498 /* Build configuration list for PBXNativeTarget "ViewModel" */ = {
			isa = XCConfigurationList;
			buildConfigurations = (
				D52BFAF223ECB651009F4498 /* Debug */,
				D52BFAF323ECB651009F4498 /* Release */,
			);
			defaultConfigurationIsVisible = 0;
			defaultConfigurationName = Release;
		};
		D52BFAF723ECB651009F4498 /* Build configuration list for PBXNativeTarget "ViewModelTests" */ = {
			isa = XCConfigurationList;
			buildConfigurations = (
				D52BFAF423ECB651009F4498 /* Debug */,
				D52BFAF523ECB651009F4498 /* Release */,
			);
			defaultConfigurationIsVisible = 0;
			defaultConfigurationName = Release;
		};
		D53554FE23E0FD77005A20EB /* Build configuration list for PBXNativeTarget "Sugar" */ = {
			isa = XCConfigurationList;
			buildConfigurations = (
				D53554FF23E0FD77005A20EB /* Debug */,
				D535550023E0FD77005A20EB /* Release */,
			);
			defaultConfigurationIsVisible = 0;
			defaultConfigurationName = Release;
		};
		D535553223E10557005A20EB /* Build configuration list for PBXNativeTarget "RythmicoTests" */ = {
			isa = XCConfigurationList;
			buildConfigurations = (
				D535553323E10557005A20EB /* Debug */,
				D535553423E10557005A20EB /* Release */,
			);
			defaultConfigurationIsVisible = 0;
			defaultConfigurationName = Release;
		};
/* End XCConfigurationList section */

/* Begin XCRemoteSwiftPackageReference section */
		D535547523DF3A19005A20EB /* XCRemoteSwiftPackageReference "Valet" */ = {
			isa = XCRemoteSwiftPackageReference;
			repositoryURL = "https://github.com/Square/Valet";
			requirement = {
				kind = upToNextMajorVersion;
				minimumVersion = 3.2.8;
			};
		};
		D535547F23E0E7C1005A20EB /* XCRemoteSwiftPackageReference "SFSafeSymbols" */ = {
			isa = XCRemoteSwiftPackageReference;
			repositoryURL = "https://github.com/piknotech/SFSafeSymbols";
			requirement = {
				kind = upToNextMajorVersion;
				minimumVersion = 1.1.1;
			};
		};
		D535554A23E23EA7005A20EB /* XCRemoteSwiftPackageReference "Then" */ = {
			isa = XCRemoteSwiftPackageReference;
			repositoryURL = "https://github.com/devxoul/Then";
			requirement = {
				kind = upToNextMajorVersion;
				minimumVersion = 2.6.0;
			};
		};
		D5AAF7C923ED850E00E410F2 /* XCRemoteSwiftPackageReference "BetterSheet" */ = {
			isa = XCRemoteSwiftPackageReference;
			repositoryURL = "https://github.com/egeniq/BetterSheet";
			requirement = {
				kind = upToNextMajorVersion;
				minimumVersion = 1.0.0;
			};
		};
		D5F5066C24006CDD00CA4094 /* XCRemoteSwiftPackageReference "KeyboardObserver" */ = {
			isa = XCRemoteSwiftPackageReference;
			repositoryURL = "https://github.com/timdonnelly/KeyboardObserver";
			requirement = {
				kind = upToNextMajorVersion;
				minimumVersion = 0.1.2;
			};
		};
/* End XCRemoteSwiftPackageReference section */

/* Begin XCSwiftPackageProductDependency section */
		D535547623DF3A19005A20EB /* Valet */ = {
			isa = XCSwiftPackageProductDependency;
			package = D535547523DF3A19005A20EB /* XCRemoteSwiftPackageReference "Valet" */;
			productName = Valet;
		};
		D535548023E0E7C1005A20EB /* SFSafeSymbols */ = {
			isa = XCSwiftPackageProductDependency;
			package = D535547F23E0E7C1005A20EB /* XCRemoteSwiftPackageReference "SFSafeSymbols" */;
			productName = SFSafeSymbols;
		};
		D535554B23E23EA7005A20EB /* Then */ = {
			isa = XCSwiftPackageProductDependency;
			package = D535554A23E23EA7005A20EB /* XCRemoteSwiftPackageReference "Then" */;
			productName = Then;
		};
		D5AAF7CA23ED850E00E410F2 /* BetterSheet */ = {
			isa = XCSwiftPackageProductDependency;
			package = D5AAF7C923ED850E00E410F2 /* XCRemoteSwiftPackageReference "BetterSheet" */;
			productName = BetterSheet;
		};
		D5F5066D24006CDD00CA4094 /* KeyboardObserver */ = {
			isa = XCSwiftPackageProductDependency;
			package = D5F5066C24006CDD00CA4094 /* XCRemoteSwiftPackageReference "KeyboardObserver" */;
			productName = KeyboardObserver;
		};
/* End XCSwiftPackageProductDependency section */
	};
	rootObject = 03341B3323ABB1E7009AE8A8 /* Project object */;
}
