// !$*UTF8*$!
{
	archiveVersion = 1;
	classes = {
	};
	objectVersion = 52;
	objects = {

/* Begin PBXBuildFile section */
		03341B3F23ABB1E7009AE8A8 /* AppDelegate.swift in Sources */ = {isa = PBXBuildFile; fileRef = 03341B3E23ABB1E7009AE8A8 /* AppDelegate.swift */; };
		03341B4323ABB1E7009AE8A8 /* MainTabViewModel.swift in Sources */ = {isa = PBXBuildFile; fileRef = 03341B4223ABB1E7009AE8A8 /* MainTabViewModel.swift */; };
		03341B4523ABB1E8009AE8A8 /* Assets.xcassets in Resources */ = {isa = PBXBuildFile; fileRef = 03341B4423ABB1E8009AE8A8 /* Assets.xcassets */; };
		03341B4823ABB1E8009AE8A8 /* Preview Assets.xcassets in Resources */ = {isa = PBXBuildFile; fileRef = 03341B4723ABB1E8009AE8A8 /* Preview Assets.xcassets */; };
		03341B4B23ABB1E8009AE8A8 /* LaunchScreen.storyboard in Resources */ = {isa = PBXBuildFile; fileRef = 03341B4923ABB1E8009AE8A8 /* LaunchScreen.storyboard */; };
		037A516123D877A900134C14 /* RootViewData.swift in Sources */ = {isa = PBXBuildFile; fileRef = 037A516023D877A900134C14 /* RootViewData.swift */; };
		D509897223B963B700C19300 /* FirebaseAuth.framework in Frameworks */ = {isa = PBXBuildFile; fileRef = D509896523B963B700C19300 /* FirebaseAuth.framework */; };
		D509897323B963B700C19300 /* GoogleDataTransport.framework in Frameworks */ = {isa = PBXBuildFile; fileRef = D509896623B963B700C19300 /* GoogleDataTransport.framework */; };
		D509897423B963B700C19300 /* GTMSessionFetcher.framework in Frameworks */ = {isa = PBXBuildFile; fileRef = D509896723B963B700C19300 /* GTMSessionFetcher.framework */; };
		D509897523B963B700C19300 /* FirebaseInstanceID.framework in Frameworks */ = {isa = PBXBuildFile; fileRef = D509896823B963B700C19300 /* FirebaseInstanceID.framework */; };
		D509897723B963B700C19300 /* GoogleUtilities.framework in Frameworks */ = {isa = PBXBuildFile; fileRef = D509896A23B963B700C19300 /* GoogleUtilities.framework */; };
		D509897823B963B700C19300 /* FirebaseAnalytics.framework in Frameworks */ = {isa = PBXBuildFile; fileRef = D509896B23B963B700C19300 /* FirebaseAnalytics.framework */; };
		D509897923B963B700C19300 /* FIRAnalyticsConnector.framework in Frameworks */ = {isa = PBXBuildFile; fileRef = D509896C23B963B700C19300 /* FIRAnalyticsConnector.framework */; };
		D509897A23B963B700C19300 /* GoogleAppMeasurement.framework in Frameworks */ = {isa = PBXBuildFile; fileRef = D509896D23B963B700C19300 /* GoogleAppMeasurement.framework */; };
		D509897B23B963B700C19300 /* FirebaseCoreDiagnostics.framework in Frameworks */ = {isa = PBXBuildFile; fileRef = D509896E23B963B700C19300 /* FirebaseCoreDiagnostics.framework */; };
		D509897C23B963B700C19300 /* FirebaseCore.framework in Frameworks */ = {isa = PBXBuildFile; fileRef = D509896F23B963B700C19300 /* FirebaseCore.framework */; };
		D509897D23B963B700C19300 /* GoogleDataTransportCCTSupport.framework in Frameworks */ = {isa = PBXBuildFile; fileRef = D509897023B963B700C19300 /* GoogleDataTransportCCTSupport.framework */; };
		D509897E23B963B700C19300 /* nanopb.framework in Frameworks */ = {isa = PBXBuildFile; fileRef = D509897123B963B700C19300 /* nanopb.framework */; };
		D509898023B969B700C19300 /* GoogleService-Info-Release.plist in Resources */ = {isa = PBXBuildFile; fileRef = D509897F23B969B700C19300 /* GoogleService-Info-Release.plist */; };
		D509898523B9B5C100C19300 /* GoogleService-Info.plist in Resources */ = {isa = PBXBuildFile; fileRef = D509898423B9B5C100C19300 /* GoogleService-Info.plist */; };
		D509898923BA6B4600C19300 /* GoogleService-Info-Debug.plist in Resources */ = {isa = PBXBuildFile; fileRef = D509898823BA6B4600C19300 /* GoogleService-Info-Debug.plist */; };
		D509898F23BA79D600C19300 /* AuthorizationAppleIDButton.swift in Sources */ = {isa = PBXBuildFile; fileRef = D509898E23BA79D600C19300 /* AuthorizationAppleIDButton.swift */; };
		D509899123BA7CE200C19300 /* AppleAuthorizationCompletionDelegate.swift in Sources */ = {isa = PBXBuildFile; fileRef = D509899023BA7CE200C19300 /* AppleAuthorizationCompletionDelegate.swift */; };
		D50E4BC023C689BA00B6FCB1 /* Typealiases.swift in Sources */ = {isa = PBXBuildFile; fileRef = D50E4BBF23C689BA00B6FCB1 /* Typealiases.swift */; };
		D50E4BC223C69D0400B6FCB1 /* AppleAuthorizationService.swift in Sources */ = {isa = PBXBuildFile; fileRef = D50E4BC123C69D0400B6FCB1 /* AppleAuthorizationService.swift */; };
		D50E4BC523C7AAA900B6FCB1 /* AuthenticationService.swift in Sources */ = {isa = PBXBuildFile; fileRef = D50E4BC423C7AAA900B6FCB1 /* AuthenticationService.swift */; };
		D535546923DCB03E005A20EB /* AppleAuthorizationResponseDoubles.swift in Sources */ = {isa = PBXBuildFile; fileRef = D535546823DCB03E005A20EB /* AppleAuthorizationResponseDoubles.swift */; };
		D535546B23DCB65A005A20EB /* AppleAuthorizationCredentialStateProvider.swift in Sources */ = {isa = PBXBuildFile; fileRef = D535546A23DCB65A005A20EB /* AppleAuthorizationCredentialStateProvider.swift */; };
		D535546D23DF212C005A20EB /* AppleAuthorizationCredentialRevocationObserver.swift in Sources */ = {isa = PBXBuildFile; fileRef = D535546C23DF212C005A20EB /* AppleAuthorizationCredentialRevocationObserver.swift */; };
		D535546F23DF2698005A20EB /* NotificationCenterProtocol.swift in Sources */ = {isa = PBXBuildFile; fileRef = D535546E23DF2698005A20EB /* NotificationCenterProtocol.swift */; };
		D535547123DF2A40005A20EB /* AppleAuthorizationCredentialRevocationObserverTests.swift in Sources */ = {isa = PBXBuildFile; fileRef = D535547023DF2A40005A20EB /* AppleAuthorizationCredentialRevocationObserverTests.swift */; };
		D535547323DF2AE2005A20EB /* NotificationCenterSpy.swift in Sources */ = {isa = PBXBuildFile; fileRef = D535547223DF2AE2005A20EB /* NotificationCenterSpy.swift */; };
		D535547723DF3A19005A20EB /* Valet in Frameworks */ = {isa = PBXBuildFile; productRef = D535547623DF3A19005A20EB /* Valet */; };
		D535547923DF3A7C005A20EB /* Keychain.swift in Sources */ = {isa = PBXBuildFile; fileRef = D535547823DF3A7C005A20EB /* Keychain.swift */; };
		D535547C23DF4D30005A20EB /* DeauthenticationService.swift in Sources */ = {isa = PBXBuildFile; fileRef = D535547B23DF4D30005A20EB /* DeauthenticationService.swift */; };
		D535547E23DF4F44005A20EB /* KeychainDoubles.swift in Sources */ = {isa = PBXBuildFile; fileRef = D535547D23DF4F44005A20EB /* KeychainDoubles.swift */; };
		D54A560623CA937800BC8485 /* AppleAuthorizationServiceDoubles.swift in Sources */ = {isa = PBXBuildFile; fileRef = D54A560523CA937800BC8485 /* AppleAuthorizationServiceDoubles.swift */; };
		D54A560823CD02CE00BC8485 /* CryptoKit+Sugar.swift in Sources */ = {isa = PBXBuildFile; fileRef = D54A560723CD02CE00BC8485 /* CryptoKit+Sugar.swift */; };
		D54A560A23CD27A800BC8485 /* AppleAuthorizationController.swift in Sources */ = {isa = PBXBuildFile; fileRef = D54A560923CD27A800BC8485 /* AppleAuthorizationController.swift */; };
		D54A560C23CD342E00BC8485 /* AppleAuthorizationControllerDoubles.swift in Sources */ = {isa = PBXBuildFile; fileRef = D54A560B23CD342E00BC8485 /* AppleAuthorizationControllerDoubles.swift */; };
		D54A560F23CD384300BC8485 /* AppleAuthorizationServiceTests.swift in Sources */ = {isa = PBXBuildFile; fileRef = D54A560E23CD384300BC8485 /* AppleAuthorizationServiceTests.swift */; };
		D54A561123CD457800BC8485 /* AppleAuthorizationResponse.swift in Sources */ = {isa = PBXBuildFile; fileRef = D54A561023CD457800BC8485 /* AppleAuthorizationResponse.swift */; };
		D54A561323CD4B2C00BC8485 /* AppleAuthorizationCredential.swift in Sources */ = {isa = PBXBuildFile; fileRef = D54A561223CD4B2C00BC8485 /* AppleAuthorizationCredential.swift */; };
		D54A561723CD577800BC8485 /* main.swift in Sources */ = {isa = PBXBuildFile; fileRef = D54A561623CD577800BC8485 /* main.swift */; };
		D54A562023CE92AE00BC8485 /* AuthenticationError.swift in Sources */ = {isa = PBXBuildFile; fileRef = D54A561F23CE92AE00BC8485 /* AuthenticationError.swift */; };
		D5A32DBD23D139C000F3903C /* AuthenticationAccessTokenProviderObserver.swift in Sources */ = {isa = PBXBuildFile; fileRef = D5A32DBC23D139C000F3903C /* AuthenticationAccessTokenProviderObserver.swift */; };
		D5B13B2C23D12520006CBC46 /* AuthenticationAccessTokenProvider.swift in Sources */ = {isa = PBXBuildFile; fileRef = D5B13B2B23D12520006CBC46 /* AuthenticationAccessTokenProvider.swift */; };
		D5B13B2E23D125E6006CBC46 /* AuthenticationServiceDoubles.swift in Sources */ = {isa = PBXBuildFile; fileRef = D5B13B2D23D125E6006CBC46 /* AuthenticationServiceDoubles.swift */; };
		D5B13B3023D1265F006CBC46 /* AuthenticationAccessTokenProviderDoubles.swift in Sources */ = {isa = PBXBuildFile; fileRef = D5B13B2F23D1265F006CBC46 /* AuthenticationAccessTokenProviderDoubles.swift */; };
		D5BA170823D66AF500954D50 /* AuthenticationAccessTokenProviderObserverTests.swift in Sources */ = {isa = PBXBuildFile; fileRef = D5BA170723D66AF500954D50 /* AuthenticationAccessTokenProviderObserverTests.swift */; };
		D5BA170A23D671FD00954D50 /* AuthenticationAccessTokenProviderBroadcast.swift in Sources */ = {isa = PBXBuildFile; fileRef = D5BA170923D671FD00954D50 /* AuthenticationAccessTokenProviderBroadcast.swift */; };
		D5BA170C23D6725B00954D50 /* AuthenticationAccessTokenProviderBroadcastDoubles.swift in Sources */ = {isa = PBXBuildFile; fileRef = D5BA170B23D6725B00954D50 /* AuthenticationAccessTokenProviderBroadcastDoubles.swift */; };
		D5E04B1923BED80700A161BB /* FontModifier.swift in Sources */ = {isa = PBXBuildFile; fileRef = D5E04B1823BED80700A161BB /* FontModifier.swift */; };
/* End PBXBuildFile section */

/* Begin PBXContainerItemProxy section */
		D54A55FE23CA8C9000BC8485 /* PBXContainerItemProxy */ = {
			isa = PBXContainerItemProxy;
			containerPortal = 03341B3323ABB1E7009AE8A8 /* Project object */;
			proxyType = 1;
			remoteGlobalIDString = 03341B3A23ABB1E7009AE8A8;
			remoteInfo = Rythmico;
		};
/* End PBXContainerItemProxy section */

/* Begin PBXFileReference section */
		03341B3B23ABB1E7009AE8A8 /* Rythmico.app */ = {isa = PBXFileReference; explicitFileType = wrapper.application; includeInIndex = 0; path = Rythmico.app; sourceTree = BUILT_PRODUCTS_DIR; };
		03341B3E23ABB1E7009AE8A8 /* AppDelegate.swift */ = {isa = PBXFileReference; lastKnownFileType = sourcecode.swift; path = AppDelegate.swift; sourceTree = "<group>"; };
		03341B4223ABB1E7009AE8A8 /* ContentView.swift */ = {isa = PBXFileReference; lastKnownFileType = sourcecode.swift; path = ContentView.swift; sourceTree = "<group>"; };
		03341B4423ABB1E8009AE8A8 /* Assets.xcassets */ = {isa = PBXFileReference; lastKnownFileType = folder.assetcatalog; path = Assets.xcassets; sourceTree = "<group>"; };
		03341B4723ABB1E8009AE8A8 /* Preview Assets.xcassets */ = {isa = PBXFileReference; lastKnownFileType = folder.assetcatalog; path = "Preview Assets.xcassets"; sourceTree = "<group>"; };
		03341B4A23ABB1E8009AE8A8 /* Base */ = {isa = PBXFileReference; lastKnownFileType = file.storyboard; name = Base; path = Base.lproj/LaunchScreen.storyboard; sourceTree = "<group>"; };
		03341B4C23ABB1E8009AE8A8 /* Info.plist */ = {isa = PBXFileReference; lastKnownFileType = text.plist.xml; path = Info.plist; sourceTree = "<group>"; };
		D50668DA23B946330044E553 /* Rythmico.entitlements */ = {isa = PBXFileReference; lastKnownFileType = text.plist.entitlements; path = Rythmico.entitlements; sourceTree = "<group>"; };
		D509896523B963B700C19300 /* FirebaseAuth.framework */ = {isa = PBXFileReference; lastKnownFileType = wrapper.framework; name = FirebaseAuth.framework; path = Carthage/Build/iOS/FirebaseAuth.framework; sourceTree = "<group>"; };
		D509896623B963B700C19300 /* GoogleDataTransport.framework */ = {isa = PBXFileReference; lastKnownFileType = wrapper.framework; name = GoogleDataTransport.framework; path = Carthage/Build/iOS/GoogleDataTransport.framework; sourceTree = "<group>"; };
		D509896723B963B700C19300 /* GTMSessionFetcher.framework */ = {isa = PBXFileReference; lastKnownFileType = wrapper.framework; name = GTMSessionFetcher.framework; path = Carthage/Build/iOS/GTMSessionFetcher.framework; sourceTree = "<group>"; };
		D509896823B963B700C19300 /* FirebaseInstanceID.framework */ = {isa = PBXFileReference; lastKnownFileType = wrapper.framework; name = FirebaseInstanceID.framework; path = Carthage/Build/iOS/FirebaseInstanceID.framework; sourceTree = "<group>"; };
		D509896923B963B700C19300 /* Firebase.framework */ = {isa = PBXFileReference; lastKnownFileType = wrapper.framework; name = Firebase.framework; path = Carthage/Build/iOS/Firebase.framework; sourceTree = "<group>"; };
		D509896A23B963B700C19300 /* GoogleUtilities.framework */ = {isa = PBXFileReference; lastKnownFileType = wrapper.framework; name = GoogleUtilities.framework; path = Carthage/Build/iOS/GoogleUtilities.framework; sourceTree = "<group>"; };
		D509896B23B963B700C19300 /* FirebaseAnalytics.framework */ = {isa = PBXFileReference; lastKnownFileType = wrapper.framework; name = FirebaseAnalytics.framework; path = Carthage/Build/iOS/FirebaseAnalytics.framework; sourceTree = "<group>"; };
		D509896C23B963B700C19300 /* FIRAnalyticsConnector.framework */ = {isa = PBXFileReference; lastKnownFileType = wrapper.framework; name = FIRAnalyticsConnector.framework; path = Carthage/Build/iOS/FIRAnalyticsConnector.framework; sourceTree = "<group>"; };
		D509896D23B963B700C19300 /* GoogleAppMeasurement.framework */ = {isa = PBXFileReference; lastKnownFileType = wrapper.framework; name = GoogleAppMeasurement.framework; path = Carthage/Build/iOS/GoogleAppMeasurement.framework; sourceTree = "<group>"; };
		D509896E23B963B700C19300 /* FirebaseCoreDiagnostics.framework */ = {isa = PBXFileReference; lastKnownFileType = wrapper.framework; name = FirebaseCoreDiagnostics.framework; path = Carthage/Build/iOS/FirebaseCoreDiagnostics.framework; sourceTree = "<group>"; };
		D509896F23B963B700C19300 /* FirebaseCore.framework */ = {isa = PBXFileReference; lastKnownFileType = wrapper.framework; name = FirebaseCore.framework; path = Carthage/Build/iOS/FirebaseCore.framework; sourceTree = "<group>"; };
		D509897023B963B700C19300 /* GoogleDataTransportCCTSupport.framework */ = {isa = PBXFileReference; lastKnownFileType = wrapper.framework; name = GoogleDataTransportCCTSupport.framework; path = Carthage/Build/iOS/GoogleDataTransportCCTSupport.framework; sourceTree = "<group>"; };
		D509897123B963B700C19300 /* nanopb.framework */ = {isa = PBXFileReference; lastKnownFileType = wrapper.framework; name = nanopb.framework; path = Carthage/Build/iOS/nanopb.framework; sourceTree = "<group>"; };
		D509897F23B969B700C19300 /* GoogleService-Info-Release.plist */ = {isa = PBXFileReference; fileEncoding = 4; lastKnownFileType = text.plist.xml; path = "GoogleService-Info-Release.plist"; sourceTree = "<group>"; };
		D509898423B9B5C100C19300 /* GoogleService-Info.plist */ = {isa = PBXFileReference; lastKnownFileType = text.plist.xml; path = "GoogleService-Info.plist"; sourceTree = "<group>"; };
		D509898823BA6B4600C19300 /* GoogleService-Info-Debug.plist */ = {isa = PBXFileReference; fileEncoding = 4; lastKnownFileType = text.plist.xml; path = "GoogleService-Info-Debug.plist"; sourceTree = "<group>"; };
		D509898E23BA79D600C19300 /* AuthorizationAppleIDButton.swift */ = {isa = PBXFileReference; lastKnownFileType = sourcecode.swift; path = AuthorizationAppleIDButton.swift; sourceTree = "<group>"; };
		D509899023BA7CE200C19300 /* AppleAuthorizationCompletionDelegate.swift */ = {isa = PBXFileReference; lastKnownFileType = sourcecode.swift; path = AppleAuthorizationCompletionDelegate.swift; sourceTree = "<group>"; };
		D50E4BBF23C689BA00B6FCB1 /* Typealiases.swift */ = {isa = PBXFileReference; lastKnownFileType = sourcecode.swift; path = Typealiases.swift; sourceTree = "<group>"; };
		D50E4BC123C69D0400B6FCB1 /* AppleAuthorizationService.swift */ = {isa = PBXFileReference; lastKnownFileType = sourcecode.swift; path = AppleAuthorizationService.swift; sourceTree = "<group>"; };
		D50E4BC423C7AAA900B6FCB1 /* AuthenticationService.swift */ = {isa = PBXFileReference; lastKnownFileType = sourcecode.swift; path = AuthenticationService.swift; sourceTree = "<group>"; };
		D535546823DCB03E005A20EB /* AppleAuthorizationResponseDoubles.swift */ = {isa = PBXFileReference; lastKnownFileType = sourcecode.swift; path = AppleAuthorizationResponseDoubles.swift; sourceTree = "<group>"; };
		D535546A23DCB65A005A20EB /* AppleAuthorizationCredentialStateProvider.swift */ = {isa = PBXFileReference; lastKnownFileType = sourcecode.swift; path = AppleAuthorizationCredentialStateProvider.swift; sourceTree = "<group>"; };
		D535546C23DF212C005A20EB /* AppleAuthorizationCredentialRevocationObserver.swift */ = {isa = PBXFileReference; lastKnownFileType = sourcecode.swift; path = AppleAuthorizationCredentialRevocationObserver.swift; sourceTree = "<group>"; };
		D535546E23DF2698005A20EB /* NotificationCenterProtocol.swift */ = {isa = PBXFileReference; lastKnownFileType = sourcecode.swift; path = NotificationCenterProtocol.swift; sourceTree = "<group>"; };
		D535547023DF2A40005A20EB /* AppleAuthorizationCredentialRevocationObserverTests.swift */ = {isa = PBXFileReference; lastKnownFileType = sourcecode.swift; path = AppleAuthorizationCredentialRevocationObserverTests.swift; sourceTree = "<group>"; };
		D535547223DF2AE2005A20EB /* NotificationCenterSpy.swift */ = {isa = PBXFileReference; lastKnownFileType = sourcecode.swift; path = NotificationCenterSpy.swift; sourceTree = "<group>"; };
		D535547823DF3A7C005A20EB /* Keychain.swift */ = {isa = PBXFileReference; lastKnownFileType = sourcecode.swift; path = Keychain.swift; sourceTree = "<group>"; };
		D535547B23DF4D30005A20EB /* DeauthenticationService.swift */ = {isa = PBXFileReference; lastKnownFileType = sourcecode.swift; path = DeauthenticationService.swift; sourceTree = "<group>"; };
		D535547D23DF4F44005A20EB /* KeychainDoubles.swift */ = {isa = PBXFileReference; lastKnownFileType = sourcecode.swift; path = KeychainDoubles.swift; sourceTree = "<group>"; };
		D54A55F923CA8C9000BC8485 /* ServicesTests.xctest */ = {isa = PBXFileReference; explicitFileType = wrapper.cfbundle; includeInIndex = 0; path = ServicesTests.xctest; sourceTree = BUILT_PRODUCTS_DIR; };
		D54A55FD23CA8C9000BC8485 /* Info-Tests.plist */ = {isa = PBXFileReference; lastKnownFileType = text.plist.xml; path = "Info-Tests.plist"; sourceTree = "<group>"; };
		D54A560523CA937800BC8485 /* AppleAuthorizationServiceDoubles.swift */ = {isa = PBXFileReference; lastKnownFileType = sourcecode.swift; path = AppleAuthorizationServiceDoubles.swift; sourceTree = "<group>"; };
		D54A560723CD02CE00BC8485 /* CryptoKit+Sugar.swift */ = {isa = PBXFileReference; lastKnownFileType = sourcecode.swift; path = "CryptoKit+Sugar.swift"; sourceTree = "<group>"; };
		D54A560923CD27A800BC8485 /* AppleAuthorizationController.swift */ = {isa = PBXFileReference; lastKnownFileType = sourcecode.swift; path = AppleAuthorizationController.swift; sourceTree = "<group>"; };
		D54A560B23CD342E00BC8485 /* AppleAuthorizationControllerDoubles.swift */ = {isa = PBXFileReference; lastKnownFileType = sourcecode.swift; path = AppleAuthorizationControllerDoubles.swift; sourceTree = "<group>"; };
		D54A560E23CD384300BC8485 /* AppleAuthorizationServiceTests.swift */ = {isa = PBXFileReference; lastKnownFileType = sourcecode.swift; path = AppleAuthorizationServiceTests.swift; sourceTree = "<group>"; };
		D54A561023CD457800BC8485 /* AppleAuthorizationResponse.swift */ = {isa = PBXFileReference; lastKnownFileType = sourcecode.swift; path = AppleAuthorizationResponse.swift; sourceTree = "<group>"; };
		D54A561223CD4B2C00BC8485 /* AppleAuthorizationCredential.swift */ = {isa = PBXFileReference; lastKnownFileType = sourcecode.swift; path = AppleAuthorizationCredential.swift; sourceTree = "<group>"; };
		D54A561623CD577800BC8485 /* main.swift */ = {isa = PBXFileReference; lastKnownFileType = sourcecode.swift; path = main.swift; sourceTree = "<group>"; };
		D54A561F23CE92AE00BC8485 /* AuthenticationError.swift */ = {isa = PBXFileReference; lastKnownFileType = sourcecode.swift; path = AuthenticationError.swift; sourceTree = "<group>"; };
		D5A32DBC23D139C000F3903C /* AuthenticationAccessTokenProviderObserver.swift */ = {isa = PBXFileReference; lastKnownFileType = sourcecode.swift; path = AuthenticationAccessTokenProviderObserver.swift; sourceTree = "<group>"; };
		D5B13B2B23D12520006CBC46 /* AuthenticationAccessTokenProvider.swift */ = {isa = PBXFileReference; lastKnownFileType = sourcecode.swift; path = AuthenticationAccessTokenProvider.swift; sourceTree = "<group>"; };
		D5B13B2D23D125E6006CBC46 /* AuthenticationServiceDoubles.swift */ = {isa = PBXFileReference; lastKnownFileType = sourcecode.swift; path = AuthenticationServiceDoubles.swift; sourceTree = "<group>"; };
		D5B13B2F23D1265F006CBC46 /* AuthenticationAccessTokenProviderDoubles.swift */ = {isa = PBXFileReference; lastKnownFileType = sourcecode.swift; path = AuthenticationAccessTokenProviderDoubles.swift; sourceTree = "<group>"; };
		D5BA170723D66AF500954D50 /* AuthenticationAccessTokenProviderObserverTests.swift */ = {isa = PBXFileReference; lastKnownFileType = sourcecode.swift; path = AuthenticationAccessTokenProviderObserverTests.swift; sourceTree = "<group>"; };
		D5BA170923D671FD00954D50 /* AuthenticationAccessTokenProviderBroadcast.swift */ = {isa = PBXFileReference; lastKnownFileType = sourcecode.swift; path = AuthenticationAccessTokenProviderBroadcast.swift; sourceTree = "<group>"; };
		D5BA170B23D6725B00954D50 /* AuthenticationAccessTokenProviderBroadcastDoubles.swift */ = {isa = PBXFileReference; lastKnownFileType = sourcecode.swift; path = AuthenticationAccessTokenProviderBroadcastDoubles.swift; sourceTree = "<group>"; };
		D5E04B1823BED80700A161BB /* FontModifier.swift */ = {isa = PBXFileReference; lastKnownFileType = sourcecode.swift; path = FontModifier.swift; sourceTree = "<group>"; };
/* End PBXFileReference section */

/* Begin PBXFrameworksBuildPhase section */
		03341B3823ABB1E7009AE8A8 /* Frameworks */ = {
			isa = PBXFrameworksBuildPhase;
			buildActionMask = 2147483647;
			files = (
				D509897223B963B700C19300 /* FirebaseAuth.framework in Frameworks */,
				D509897323B963B700C19300 /* GoogleDataTransport.framework in Frameworks */,
				D509897423B963B700C19300 /* GTMSessionFetcher.framework in Frameworks */,
				D509897523B963B700C19300 /* FirebaseInstanceID.framework in Frameworks */,
				D509897723B963B700C19300 /* GoogleUtilities.framework in Frameworks */,
				D509897823B963B700C19300 /* FirebaseAnalytics.framework in Frameworks */,
				D509897923B963B700C19300 /* FIRAnalyticsConnector.framework in Frameworks */,
				D509897A23B963B700C19300 /* GoogleAppMeasurement.framework in Frameworks */,
				D509897B23B963B700C19300 /* FirebaseCoreDiagnostics.framework in Frameworks */,
				D509897C23B963B700C19300 /* FirebaseCore.framework in Frameworks */,
				D509897D23B963B700C19300 /* GoogleDataTransportCCTSupport.framework in Frameworks */,
				D535547723DF3A19005A20EB /* Valet in Frameworks */,
				D509897E23B963B700C19300 /* nanopb.framework in Frameworks */,
			);
			runOnlyForDeploymentPostprocessing = 0;
		};
		D54A55F623CA8C9000BC8485 /* Frameworks */ = {
			isa = PBXFrameworksBuildPhase;
			buildActionMask = 2147483647;
			files = (
			);
			runOnlyForDeploymentPostprocessing = 0;
		};
/* End PBXFrameworksBuildPhase section */

/* Begin PBXGroup section */
		03341B3223ABB1E7009AE8A8 = {
			isa = PBXGroup;
			children = (
				D59A804223CA88DB006DD0D1 /* Services */,
				D59A804123CA8746006DD0D1 /* Sugar */,
				D50E4BDC23CA82E000B6FCB1 /* UI */,
				03341B3D23ABB1E7009AE8A8 /* Rythmico */,
				03341B3C23ABB1E7009AE8A8 /* Products */,
				D509896423B963B700C19300 /* Frameworks */,
			);
			sourceTree = "<group>";
		};
		03341B3C23ABB1E7009AE8A8 /* Products */ = {
			isa = PBXGroup;
			children = (
				03341B3B23ABB1E7009AE8A8 /* Rythmico.app */,
				D54A55F923CA8C9000BC8485 /* ServicesTests.xctest */,
			);
			name = Products;
			sourceTree = "<group>";
		};
		03341B3D23ABB1E7009AE8A8 /* Rythmico */ = {
			isa = PBXGroup;
			children = (
				D50668DA23B946330044E553 /* Rythmico.entitlements */,
				D54A561623CD577800BC8485 /* main.swift */,
				03341B3E23ABB1E7009AE8A8 /* AppDelegate.swift */,
				03341B4223ABB1E7009AE8A8 /* ContentView.swift */,
				03341B4423ABB1E8009AE8A8 /* Assets.xcassets */,
				03341B4923ABB1E8009AE8A8 /* LaunchScreen.storyboard */,
				03341B4C23ABB1E8009AE8A8 /* Info.plist */,
				D509898823BA6B4600C19300 /* GoogleService-Info-Debug.plist */,
				D509897F23B969B700C19300 /* GoogleService-Info-Release.plist */,
				D509898423B9B5C100C19300 /* GoogleService-Info.plist */,
				03341B4623ABB1E8009AE8A8 /* Preview Content */,
			);
			path = Rythmico;
			sourceTree = "<group>";
		};
		03341B4623ABB1E8009AE8A8 /* Preview Content */ = {
			isa = PBXGroup;
			children = (
				03341B4723ABB1E8009AE8A8 /* Preview Assets.xcassets */,
			);
			path = "Preview Content";
			sourceTree = "<group>";
		};
		D509896423B963B700C19300 /* Frameworks */ = {
			isa = PBXGroup;
			children = (
				D509896C23B963B700C19300 /* FIRAnalyticsConnector.framework */,
				D509896923B963B700C19300 /* Firebase.framework */,
				D509896B23B963B700C19300 /* FirebaseAnalytics.framework */,
				D509896523B963B700C19300 /* FirebaseAuth.framework */,
				D509896F23B963B700C19300 /* FirebaseCore.framework */,
				D509896E23B963B700C19300 /* FirebaseCoreDiagnostics.framework */,
				D509896823B963B700C19300 /* FirebaseInstanceID.framework */,
				D509896D23B963B700C19300 /* GoogleAppMeasurement.framework */,
				D509896623B963B700C19300 /* GoogleDataTransport.framework */,
				D509897023B963B700C19300 /* GoogleDataTransportCCTSupport.framework */,
				D509896A23B963B700C19300 /* GoogleUtilities.framework */,
				D509896723B963B700C19300 /* GTMSessionFetcher.framework */,
				D509897123B963B700C19300 /* nanopb.framework */,
			);
			name = Frameworks;
			sourceTree = "<group>";
		};
		D50E4BDC23CA82E000B6FCB1 /* UI */ = {
			isa = PBXGroup;
			children = (
				D509898E23BA79D600C19300 /* AuthorizationAppleIDButton.swift */,
				D5E04B1823BED80700A161BB /* FontModifier.swift */,
			);
			path = UI;
			sourceTree = "<group>";
		};
		D535547423DF33AA005A20EB /* Authentication */ = {
			isa = PBXGroup;
			children = (
				D54A561F23CE92AE00BC8485 /* AuthenticationError.swift */,
				D50E4BC423C7AAA900B6FCB1 /* AuthenticationService.swift */,
				D535547B23DF4D30005A20EB /* DeauthenticationService.swift */,
				D5B13B2D23D125E6006CBC46 /* AuthenticationServiceDoubles.swift */,
				D5B13B2B23D12520006CBC46 /* AuthenticationAccessTokenProvider.swift */,
				D5B13B2F23D1265F006CBC46 /* AuthenticationAccessTokenProviderDoubles.swift */,
				D5A32DBC23D139C000F3903C /* AuthenticationAccessTokenProviderObserver.swift */,
				D5BA170723D66AF500954D50 /* AuthenticationAccessTokenProviderObserverTests.swift */,
				D5BA170923D671FD00954D50 /* AuthenticationAccessTokenProviderBroadcast.swift */,
				D5BA170B23D6725B00954D50 /* AuthenticationAccessTokenProviderBroadcastDoubles.swift */,
			);
			path = Authentication;
			sourceTree = "<group>";
		};
		D535547A23DF3E81005A20EB /* Keychain */ = {
			isa = PBXGroup;
			children = (
				D535547823DF3A7C005A20EB /* Keychain.swift */,
				D535547D23DF4F44005A20EB /* KeychainDoubles.swift */,
			);
			path = Keychain;
			sourceTree = "<group>";
		};
		D54A560D23CD36C500BC8485 /* Authorization */ = {
			isa = PBXGroup;
			children = (
				D54A561223CD4B2C00BC8485 /* AppleAuthorizationCredential.swift */,
				D535546A23DCB65A005A20EB /* AppleAuthorizationCredentialStateProvider.swift */,
				D535546C23DF212C005A20EB /* AppleAuthorizationCredentialRevocationObserver.swift */,
				D535547023DF2A40005A20EB /* AppleAuthorizationCredentialRevocationObserverTests.swift */,
				D54A561023CD457800BC8485 /* AppleAuthorizationResponse.swift */,
				D535546823DCB03E005A20EB /* AppleAuthorizationResponseDoubles.swift */,
				D50E4BC123C69D0400B6FCB1 /* AppleAuthorizationService.swift */,
				D54A560E23CD384300BC8485 /* AppleAuthorizationServiceTests.swift */,
				D54A560523CA937800BC8485 /* AppleAuthorizationServiceDoubles.swift */,
				D54A560923CD27A800BC8485 /* AppleAuthorizationController.swift */,
				D54A560B23CD342E00BC8485 /* AppleAuthorizationControllerDoubles.swift */,
				D509899023BA7CE200C19300 /* AppleAuthorizationCompletionDelegate.swift */,
			);
			path = Authorization;
			sourceTree = "<group>";
		};
		D59A804123CA8746006DD0D1 /* Sugar */ = {
			isa = PBXGroup;
			children = (
				D54A560723CD02CE00BC8485 /* CryptoKit+Sugar.swift */,
				D535546E23DF2698005A20EB /* NotificationCenterProtocol.swift */,
				D535547223DF2AE2005A20EB /* NotificationCenterSpy.swift */,
				D50E4BBF23C689BA00B6FCB1 /* Typealiases.swift */,
			);
			path = Sugar;
			sourceTree = "<group>";
		};
		D59A804223CA88DB006DD0D1 /* Services */ = {
			isa = PBXGroup;
			children = (
				D535547423DF33AA005A20EB /* Authentication */,
				D54A560D23CD36C500BC8485 /* Authorization */,
				D535547A23DF3E81005A20EB /* Keychain */,
				D54A55FD23CA8C9000BC8485 /* Info-Tests.plist */,
			);
			path = Services;
			sourceTree = "<group>";
		};
/* End PBXGroup section */

/* Begin PBXNativeTarget section */
		03341B3A23ABB1E7009AE8A8 /* Rythmico */ = {
			isa = PBXNativeTarget;
			buildConfigurationList = 03341B4F23ABB1E8009AE8A8 /* Build configuration list for PBXNativeTarget "Rythmico" */;
			buildPhases = (
				03341B3723ABB1E7009AE8A8 /* Sources */,
				03341B3823ABB1E7009AE8A8 /* Frameworks */,
				03341B3923ABB1E7009AE8A8 /* Resources */,
				D509898123B9B2E400C19300 /* Select GoogleService-Info.plist */,
			);
			buildRules = (
			);
			dependencies = (
			);
			name = Rythmico;
			packageProductDependencies = (
				D535547623DF3A19005A20EB /* Valet */,
			);
			productName = Rythmico;
			productReference = 03341B3B23ABB1E7009AE8A8 /* Rythmico.app */;
			productType = "com.apple.product-type.application";
		};
		D54A55F823CA8C9000BC8485 /* ServicesTests */ = {
			isa = PBXNativeTarget;
			buildConfigurationList = D54A560223CA8C9000BC8485 /* Build configuration list for PBXNativeTarget "ServicesTests" */;
			buildPhases = (
				D54A55F523CA8C9000BC8485 /* Sources */,
				D54A55F623CA8C9000BC8485 /* Frameworks */,
				D54A55F723CA8C9000BC8485 /* Resources */,
			);
			buildRules = (
			);
			dependencies = (
				D54A55FF23CA8C9000BC8485 /* PBXTargetDependency */,
			);
			name = ServicesTests;
			productName = ServicesTests;
			productReference = D54A55F923CA8C9000BC8485 /* ServicesTests.xctest */;
			productType = "com.apple.product-type.bundle.unit-test";
		};
/* End PBXNativeTarget section */

/* Begin PBXProject section */
		03341B3323ABB1E7009AE8A8 /* Project object */ = {
			isa = PBXProject;
			attributes = {
				LastSwiftUpdateCheck = 1130;
				LastUpgradeCheck = 1120;
				ORGANIZATIONNAME = "David Roman";
				TargetAttributes = {
					03341B3A23ABB1E7009AE8A8 = {
						CreatedOnToolsVersion = 11.2.1;
					};
					D54A55F823CA8C9000BC8485 = {
						CreatedOnToolsVersion = 11.3;
						LastSwiftMigration = 1130;
						TestTargetID = 03341B3A23ABB1E7009AE8A8;
					};
				};
			};
			buildConfigurationList = 03341B3623ABB1E7009AE8A8 /* Build configuration list for PBXProject "Rythmico" */;
			compatibilityVersion = "Xcode 9.3";
			developmentRegion = en;
			hasScannedForEncodings = 0;
			knownRegions = (
				en,
				Base,
			);
			mainGroup = 03341B3223ABB1E7009AE8A8;
			packageReferences = (
				D535547523DF3A19005A20EB /* XCRemoteSwiftPackageReference "Valet" */,
			);
			productRefGroup = 03341B3C23ABB1E7009AE8A8 /* Products */;
			projectDirPath = "";
			projectRoot = "";
			targets = (
				03341B3A23ABB1E7009AE8A8 /* Rythmico */,
				D54A55F823CA8C9000BC8485 /* ServicesTests */,
			);
		};
/* End PBXProject section */

/* Begin PBXResourcesBuildPhase section */
		03341B3923ABB1E7009AE8A8 /* Resources */ = {
			isa = PBXResourcesBuildPhase;
			buildActionMask = 2147483647;
			files = (
				D509898023B969B700C19300 /* GoogleService-Info-Release.plist in Resources */,
				03341B4B23ABB1E8009AE8A8 /* LaunchScreen.storyboard in Resources */,
				03341B4823ABB1E8009AE8A8 /* Preview Assets.xcassets in Resources */,
				03341B4523ABB1E8009AE8A8 /* Assets.xcassets in Resources */,
				D509898523B9B5C100C19300 /* GoogleService-Info.plist in Resources */,
				D509898923BA6B4600C19300 /* GoogleService-Info-Debug.plist in Resources */,
			);
			runOnlyForDeploymentPostprocessing = 0;
		};
		D54A55F723CA8C9000BC8485 /* Resources */ = {
			isa = PBXResourcesBuildPhase;
			buildActionMask = 2147483647;
			files = (
			);
			runOnlyForDeploymentPostprocessing = 0;
		};
/* End PBXResourcesBuildPhase section */

/* Begin PBXShellScriptBuildPhase section */
		D509898123B9B2E400C19300 /* Select GoogleService-Info.plist */ = {
			isa = PBXShellScriptBuildPhase;
			buildActionMask = 2147483647;
			files = (
			);
			inputFileListPaths = (
			);
			inputPaths = (
			);
			name = "Select GoogleService-Info.plist";
			outputFileListPaths = (
			);
			outputPaths = (
			);
			runOnlyForDeploymentPostprocessing = 0;
			shellPath = /bin/sh;
			shellScript = "${SRCROOT}/script/build_phase_select_google_info_plist\n";
		};
/* End PBXShellScriptBuildPhase section */

/* Begin PBXSourcesBuildPhase section */
		03341B3723ABB1E7009AE8A8 /* Sources */ = {
			isa = PBXSourcesBuildPhase;
			buildActionMask = 2147483647;
			files = (
				03341B3F23ABB1E7009AE8A8 /* AppDelegate.swift in Sources */,
				D54A560C23CD342E00BC8485 /* AppleAuthorizationControllerDoubles.swift in Sources */,
				D54A560823CD02CE00BC8485 /* CryptoKit+Sugar.swift in Sources */,
				D54A561323CD4B2C00BC8485 /* AppleAuthorizationCredential.swift in Sources */,
				D535546D23DF212C005A20EB /* AppleAuthorizationCredentialRevocationObserver.swift in Sources */,
				D50E4BC023C689BA00B6FCB1 /* Typealiases.swift in Sources */,
				D5BA170C23D6725B00954D50 /* AuthenticationAccessTokenProviderBroadcastDoubles.swift in Sources */,
				D535546923DCB03E005A20EB /* AppleAuthorizationResponseDoubles.swift in Sources */,
				D50E4BC523C7AAA900B6FCB1 /* AuthenticationService.swift in Sources */,
				D54A562023CE92AE00BC8485 /* AuthenticationError.swift in Sources */,
				D5B13B2C23D12520006CBC46 /* AuthenticationAccessTokenProvider.swift in Sources */,
				D535546F23DF2698005A20EB /* NotificationCenterProtocol.swift in Sources */,
				D535546B23DCB65A005A20EB /* AppleAuthorizationCredentialStateProvider.swift in Sources */,
				D5E04B1923BED80700A161BB /* FontModifier.swift in Sources */,
				D509898F23BA79D600C19300 /* AuthorizationAppleIDButton.swift in Sources */,
				D54A561123CD457800BC8485 /* AppleAuthorizationResponse.swift in Sources */,
				03341B4323ABB1E7009AE8A8 /* ContentView.swift in Sources */,
				D54A560A23CD27A800BC8485 /* AppleAuthorizationController.swift in Sources */,
				D535547323DF2AE2005A20EB /* NotificationCenterSpy.swift in Sources */,
				D5BA170A23D671FD00954D50 /* AuthenticationAccessTokenProviderBroadcast.swift in Sources */,
				D509899123BA7CE200C19300 /* AppleAuthorizationCompletionDelegate.swift in Sources */,
				D535547C23DF4D30005A20EB /* DeauthenticationService.swift in Sources */,
				D5B13B2E23D125E6006CBC46 /* AuthenticationServiceDoubles.swift in Sources */,
				D54A561723CD577800BC8485 /* main.swift in Sources */,
				D50E4BC223C69D0400B6FCB1 /* AppleAuthorizationService.swift in Sources */,
				D5B13B3023D1265F006CBC46 /* AuthenticationAccessTokenProviderDoubles.swift in Sources */,
				D5A32DBD23D139C000F3903C /* AuthenticationAccessTokenProviderObserver.swift in Sources */,
				D54A560623CA937800BC8485 /* AppleAuthorizationServiceDoubles.swift in Sources */,
				D535547923DF3A7C005A20EB /* Keychain.swift in Sources */,
			);
			runOnlyForDeploymentPostprocessing = 0;
		};
		D54A55F523CA8C9000BC8485 /* Sources */ = {
			isa = PBXSourcesBuildPhase;
			buildActionMask = 2147483647;
			files = (
				D535547123DF2A40005A20EB /* AppleAuthorizationCredentialRevocationObserverTests.swift in Sources */,
				D54A560F23CD384300BC8485 /* AppleAuthorizationServiceTests.swift in Sources */,
				D5BA170823D66AF500954D50 /* AuthenticationAccessTokenProviderObserverTests.swift in Sources */,
			);
			runOnlyForDeploymentPostprocessing = 0;
		};
/* End PBXSourcesBuildPhase section */

/* Begin PBXTargetDependency section */
		D54A55FF23CA8C9000BC8485 /* PBXTargetDependency */ = {
			isa = PBXTargetDependency;
			target = 03341B3A23ABB1E7009AE8A8 /* Rythmico */;
			targetProxy = D54A55FE23CA8C9000BC8485 /* PBXContainerItemProxy */;
		};
/* End PBXTargetDependency section */

/* Begin PBXVariantGroup section */
		03341B4923ABB1E8009AE8A8 /* LaunchScreen.storyboard */ = {
			isa = PBXVariantGroup;
			children = (
				03341B4A23ABB1E8009AE8A8 /* Base */,
			);
			name = LaunchScreen.storyboard;
			sourceTree = "<group>";
		};
/* End PBXVariantGroup section */

/* Begin XCBuildConfiguration section */
		03341B4D23ABB1E8009AE8A8 /* Debug */ = {
			isa = XCBuildConfiguration;
			buildSettings = {
				ALWAYS_SEARCH_USER_PATHS = NO;
				CLANG_ANALYZER_NONNULL = YES;
				CLANG_ANALYZER_NUMBER_OBJECT_CONVERSION = YES_AGGRESSIVE;
				CLANG_CXX_LANGUAGE_STANDARD = "gnu++14";
				CLANG_CXX_LIBRARY = "libc++";
				CLANG_ENABLE_MODULES = YES;
				CLANG_ENABLE_OBJC_ARC = YES;
				CLANG_ENABLE_OBJC_WEAK = YES;
				CLANG_WARN_BLOCK_CAPTURE_AUTORELEASING = YES;
				CLANG_WARN_BOOL_CONVERSION = YES;
				CLANG_WARN_COMMA = YES;
				CLANG_WARN_CONSTANT_CONVERSION = YES;
				CLANG_WARN_DEPRECATED_OBJC_IMPLEMENTATIONS = YES;
				CLANG_WARN_DIRECT_OBJC_ISA_USAGE = YES_ERROR;
				CLANG_WARN_DOCUMENTATION_COMMENTS = YES;
				CLANG_WARN_EMPTY_BODY = YES;
				CLANG_WARN_ENUM_CONVERSION = YES;
				CLANG_WARN_INFINITE_RECURSION = YES;
				CLANG_WARN_INT_CONVERSION = YES;
				CLANG_WARN_NON_LITERAL_NULL_CONVERSION = YES;
				CLANG_WARN_OBJC_IMPLICIT_RETAIN_SELF = YES;
				CLANG_WARN_OBJC_LITERAL_CONVERSION = YES;
				CLANG_WARN_OBJC_ROOT_CLASS = YES_ERROR;
				CLANG_WARN_RANGE_LOOP_ANALYSIS = YES;
				CLANG_WARN_STRICT_PROTOTYPES = YES;
				CLANG_WARN_SUSPICIOUS_MOVE = YES;
				CLANG_WARN_UNGUARDED_AVAILABILITY = YES_AGGRESSIVE;
				CLANG_WARN_UNREACHABLE_CODE = YES;
				CLANG_WARN__DUPLICATE_METHOD_MATCH = YES;
				COPY_PHASE_STRIP = NO;
				DEBUG_INFORMATION_FORMAT = dwarf;
				ENABLE_STRICT_OBJC_MSGSEND = YES;
				ENABLE_TESTABILITY = YES;
				GCC_C_LANGUAGE_STANDARD = gnu11;
				GCC_DYNAMIC_NO_PIC = NO;
				GCC_NO_COMMON_BLOCKS = YES;
				GCC_OPTIMIZATION_LEVEL = 0;
				GCC_PREPROCESSOR_DEFINITIONS = (
					"DEBUG=1",
					"$(inherited)",
				);
				GCC_WARN_64_TO_32_BIT_CONVERSION = YES;
				GCC_WARN_ABOUT_RETURN_TYPE = YES_ERROR;
				GCC_WARN_UNDECLARED_SELECTOR = YES;
				GCC_WARN_UNINITIALIZED_AUTOS = YES_AGGRESSIVE;
				GCC_WARN_UNUSED_FUNCTION = YES;
				GCC_WARN_UNUSED_VARIABLE = YES;
				IPHONEOS_DEPLOYMENT_TARGET = 13.0;
				MTL_ENABLE_DEBUG_INFO = INCLUDE_SOURCE;
				MTL_FAST_MATH = YES;
				ONLY_ACTIVE_ARCH = YES;
				OTHER_SWIFT_FLAGS = "-DDEBUG";
				SDKROOT = iphoneos;
				SWIFT_ACTIVE_COMPILATION_CONDITIONS = DEBUG;
				SWIFT_OPTIMIZATION_LEVEL = "-Onone";
			};
			name = Debug;
		};
		03341B4E23ABB1E8009AE8A8 /* Release */ = {
			isa = XCBuildConfiguration;
			buildSettings = {
				ALWAYS_SEARCH_USER_PATHS = NO;
				CLANG_ANALYZER_NONNULL = YES;
				CLANG_ANALYZER_NUMBER_OBJECT_CONVERSION = YES_AGGRESSIVE;
				CLANG_CXX_LANGUAGE_STANDARD = "gnu++14";
				CLANG_CXX_LIBRARY = "libc++";
				CLANG_ENABLE_MODULES = YES;
				CLANG_ENABLE_OBJC_ARC = YES;
				CLANG_ENABLE_OBJC_WEAK = YES;
				CLANG_WARN_BLOCK_CAPTURE_AUTORELEASING = YES;
				CLANG_WARN_BOOL_CONVERSION = YES;
				CLANG_WARN_COMMA = YES;
				CLANG_WARN_CONSTANT_CONVERSION = YES;
				CLANG_WARN_DEPRECATED_OBJC_IMPLEMENTATIONS = YES;
				CLANG_WARN_DIRECT_OBJC_ISA_USAGE = YES_ERROR;
				CLANG_WARN_DOCUMENTATION_COMMENTS = YES;
				CLANG_WARN_EMPTY_BODY = YES;
				CLANG_WARN_ENUM_CONVERSION = YES;
				CLANG_WARN_INFINITE_RECURSION = YES;
				CLANG_WARN_INT_CONVERSION = YES;
				CLANG_WARN_NON_LITERAL_NULL_CONVERSION = YES;
				CLANG_WARN_OBJC_IMPLICIT_RETAIN_SELF = YES;
				CLANG_WARN_OBJC_LITERAL_CONVERSION = YES;
				CLANG_WARN_OBJC_ROOT_CLASS = YES_ERROR;
				CLANG_WARN_RANGE_LOOP_ANALYSIS = YES;
				CLANG_WARN_STRICT_PROTOTYPES = YES;
				CLANG_WARN_SUSPICIOUS_MOVE = YES;
				CLANG_WARN_UNGUARDED_AVAILABILITY = YES_AGGRESSIVE;
				CLANG_WARN_UNREACHABLE_CODE = YES;
				CLANG_WARN__DUPLICATE_METHOD_MATCH = YES;
				COPY_PHASE_STRIP = NO;
				DEBUG_INFORMATION_FORMAT = "dwarf-with-dsym";
				ENABLE_NS_ASSERTIONS = NO;
				ENABLE_STRICT_OBJC_MSGSEND = YES;
				GCC_C_LANGUAGE_STANDARD = gnu11;
				GCC_NO_COMMON_BLOCKS = YES;
				GCC_WARN_64_TO_32_BIT_CONVERSION = YES;
				GCC_WARN_ABOUT_RETURN_TYPE = YES_ERROR;
				GCC_WARN_UNDECLARED_SELECTOR = YES;
				GCC_WARN_UNINITIALIZED_AUTOS = YES_AGGRESSIVE;
				GCC_WARN_UNUSED_FUNCTION = YES;
				GCC_WARN_UNUSED_VARIABLE = YES;
				IPHONEOS_DEPLOYMENT_TARGET = 13.0;
				MTL_ENABLE_DEBUG_INFO = NO;
				MTL_FAST_MATH = YES;
				SDKROOT = iphoneos;
				SWIFT_COMPILATION_MODE = wholemodule;
				SWIFT_OPTIMIZATION_LEVEL = "-O";
				VALIDATE_PRODUCT = YES;
			};
			name = Release;
		};
		03341B5023ABB1E8009AE8A8 /* Debug */ = {
			isa = XCBuildConfiguration;
			buildSettings = {
				ASSETCATALOG_COMPILER_APPICON_NAME = AppIcon;
				CODE_SIGN_ENTITLEMENTS = Rythmico/Rythmico.entitlements;
				CODE_SIGN_STYLE = Automatic;
				DEVELOPMENT_ASSET_PATHS = "\"Rythmico/Preview Content\"";
				DEVELOPMENT_TEAM = 72N659HYBR;
				ENABLE_PREVIEWS = YES;
				FRAMEWORK_SEARCH_PATHS = (
					"$(inherited)",
					"$(PROJECT_DIR)/Carthage/Build/iOS",
				);
				INFOPLIST_FILE = Rythmico/Info.plist;
				LD_RUNPATH_SEARCH_PATHS = (
					"$(inherited)",
					"@executable_path/Frameworks",
				);
				MARKETING_VERSION = 1.0.0;
				PRODUCT_BUNDLE_IDENTIFIER = com.rythmico.student;
				PRODUCT_NAME = "$(TARGET_NAME)";
				SWIFT_VERSION = 5.0;
				TARGETED_DEVICE_FAMILY = "1,2";
			};
			name = Debug;
		};
		03341B5123ABB1E8009AE8A8 /* Release */ = {
			isa = XCBuildConfiguration;
			buildSettings = {
				ASSETCATALOG_COMPILER_APPICON_NAME = AppIcon;
				CODE_SIGN_ENTITLEMENTS = Rythmico/Rythmico.entitlements;
				CODE_SIGN_STYLE = Automatic;
				DEVELOPMENT_ASSET_PATHS = "\"Rythmico/Preview Content\"";
				DEVELOPMENT_TEAM = 72N659HYBR;
				ENABLE_PREVIEWS = YES;
				FRAMEWORK_SEARCH_PATHS = (
					"$(inherited)",
					"$(PROJECT_DIR)/Carthage/Build/iOS",
				);
				INFOPLIST_FILE = Rythmico/Info.plist;
				LD_RUNPATH_SEARCH_PATHS = (
					"$(inherited)",
					"@executable_path/Frameworks",
				);
				MARKETING_VERSION = 1.0.0;
				PRODUCT_BUNDLE_IDENTIFIER = com.rythmico.student;
				PRODUCT_NAME = "$(TARGET_NAME)";
				SWIFT_VERSION = 5.0;
				TARGETED_DEVICE_FAMILY = "1,2";
			};
			name = Release;
		};
		D54A560023CA8C9000BC8485 /* Debug */ = {
			isa = XCBuildConfiguration;
			buildSettings = {
				BUNDLE_LOADER = "$(TEST_HOST)";
				CLANG_ENABLE_MODULES = YES;
				CODE_SIGN_STYLE = Automatic;
				DEVELOPMENT_TEAM = 72N659HYBR;
				INFOPLIST_FILE = "Services/Info-Tests.plist";
				IPHONEOS_DEPLOYMENT_TARGET = 13.2;
				LD_RUNPATH_SEARCH_PATHS = (
					"$(inherited)",
					"@executable_path/Frameworks",
					"@loader_path/Frameworks",
				);
				PRODUCT_BUNDLE_IDENTIFIER = com.rythmico.ServicesTests;
				PRODUCT_NAME = "$(TARGET_NAME)";
				SWIFT_OPTIMIZATION_LEVEL = "-Onone";
				SWIFT_VERSION = 5.0;
				TARGETED_DEVICE_FAMILY = "1,2";
				TEST_HOST = "$(BUILT_PRODUCTS_DIR)/Rythmico.app/Rythmico";
			};
			name = Debug;
		};
		D54A560123CA8C9000BC8485 /* Release */ = {
			isa = XCBuildConfiguration;
			buildSettings = {
				BUNDLE_LOADER = "$(TEST_HOST)";
				CLANG_ENABLE_MODULES = YES;
				CODE_SIGN_STYLE = Automatic;
				DEVELOPMENT_TEAM = 72N659HYBR;
				INFOPLIST_FILE = "Services/Info-Tests.plist";
				IPHONEOS_DEPLOYMENT_TARGET = 13.2;
				LD_RUNPATH_SEARCH_PATHS = (
					"$(inherited)",
					"@executable_path/Frameworks",
					"@loader_path/Frameworks",
				);
				PRODUCT_BUNDLE_IDENTIFIER = com.rythmico.ServicesTests;
				PRODUCT_NAME = "$(TARGET_NAME)";
				SWIFT_VERSION = 5.0;
				TARGETED_DEVICE_FAMILY = "1,2";
				TEST_HOST = "$(BUILT_PRODUCTS_DIR)/Rythmico.app/Rythmico";
			};
			name = Release;
		};
/* End XCBuildConfiguration section */

/* Begin XCConfigurationList section */
		03341B3623ABB1E7009AE8A8 /* Build configuration list for PBXProject "Rythmico" */ = {
			isa = XCConfigurationList;
			buildConfigurations = (
				03341B4D23ABB1E8009AE8A8 /* Debug */,
				03341B4E23ABB1E8009AE8A8 /* Release */,
			);
			defaultConfigurationIsVisible = 0;
			defaultConfigurationName = Release;
		};
		03341B4F23ABB1E8009AE8A8 /* Build configuration list for PBXNativeTarget "Rythmico" */ = {
			isa = XCConfigurationList;
			buildConfigurations = (
				03341B5023ABB1E8009AE8A8 /* Debug */,
				03341B5123ABB1E8009AE8A8 /* Release */,
			);
			defaultConfigurationIsVisible = 0;
			defaultConfigurationName = Release;
		};
		D54A560223CA8C9000BC8485 /* Build configuration list for PBXNativeTarget "ServicesTests" */ = {
			isa = XCConfigurationList;
			buildConfigurations = (
				D54A560023CA8C9000BC8485 /* Debug */,
				D54A560123CA8C9000BC8485 /* Release */,
			);
			defaultConfigurationIsVisible = 0;
			defaultConfigurationName = Release;
		};
/* End XCConfigurationList section */

/* Begin XCRemoteSwiftPackageReference section */
		D535547523DF3A19005A20EB /* XCRemoteSwiftPackageReference "Valet" */ = {
			isa = XCRemoteSwiftPackageReference;
			repositoryURL = "https://github.com/Square/Valet";
			requirement = {
				kind = upToNextMajorVersion;
				minimumVersion = 3.2.8;
			};
		};
/* End XCRemoteSwiftPackageReference section */

/* Begin XCSwiftPackageProductDependency section */
		D535547623DF3A19005A20EB /* Valet */ = {
			isa = XCSwiftPackageProductDependency;
			package = D535547523DF3A19005A20EB /* XCRemoteSwiftPackageReference "Valet" */;
			productName = Valet;
		};
/* End XCSwiftPackageProductDependency section */
	};
	rootObject = 03341B3323ABB1E7009AE8A8 /* Project object */;
}
