{
  "object": {
    "pins": [
      {
        "package": "abseil",
        "repositoryURL": "https://github.com/firebase/abseil-cpp-SwiftPM.git",
        "state": {
          "branch": null,
          "revision": "05d8107f2971a37e6c77245b7c4c6b0a7e97bc99",
          "version": "0.20200225.0"
        }
      },
      {
        "package": "APIKit",
        "repositoryURL": "https://github.com/davdroman/APIKit",
        "state": {
          "branch": "davdroman-improvements",
          "revision": "7233705e1ee2020bc67ddeeed261db7be12f38c7",
          "version": null
        }
      },
      {
        "package": "BoringSSL-GRPC",
        "repositoryURL": "https://github.com/firebase/boringssl-SwiftPM.git",
        "state": {
          "branch": null,
          "revision": "7bcafa2660bc58715c39637494550d1ed7cd7229",
          "version": "0.0.7"
        }
      },
      {
        "package": "EnumKit",
        "repositoryURL": "https://github.com/gringoireDM/EnumKit",
        "state": {
          "branch": null,
          "revision": "ae639dfac5c7116abb64c5f62124915f627140e4",
          "version": "1.1.3"
        }
      },
      {
        "package": "Firebase",
        "repositoryURL": "https://github.com/firebase/firebase-ios-sdk",
        "state": {
          "branch": null,
          "revision": "c227152e84ad215eed0285c9df62f39e0406e455",
          "version": "7.1.0"
        }
      },
      {
        "package": "gRPC",
        "repositoryURL": "https://github.com/firebase/grpc-SwiftPM.git",
        "state": {
          "branch": null,
          "revision": "91b62619e6c83bc5f1b99d9d60fe46b2862d3a5a",
          "version": "1.28.2"
        }
      },
      {
        "package": "GTMSessionFetcher",
        "repositoryURL": "https://github.com/google/gtm-session-fetcher.git",
        "state": {
          "branch": null,
          "revision": "91ed3d188eb95705fef3c249453b81f32dc557d1",
          "version": "1.5.0"
        }
      },
      {
        "package": "leveldb",
        "repositoryURL": "https://github.com/firebase/leveldb.git",
        "state": {
          "branch": null,
          "revision": "fa1f25f296a766e5a789c4dacd4798dea798b2c2",
          "version": "1.22.1"
        }
      },
      {
        "package": "MultiSheet",
        "repositoryURL": "https://github.com/davdroman/MultiSheet",
        "state": {
          "branch": null,
          "revision": "f5a4a67153211097b37a3304c612967e591f7e4a",
          "version": "1.2.0"
        }
      },
      {
        "package": "nanopb",
        "repositoryURL": "https://github.com/firebase/nanopb.git",
        "state": {
          "branch": null,
          "revision": "8119dfe5631f2616d11e50ead95448d12e816062",
          "version": "2.30906.0"
        }
      },
      {
        "package": "PhoneNumberKit",
        "repositoryURL": "https://github.com/marmelroy/PhoneNumberKit",
        "state": {
          "branch": null,
          "revision": "c7d7b0c91ef0ad7e413022edfcf5d6f75561e2d5",
          "version": "3.3.1"
        }
      },
      {
        "package": "Promises",
        "repositoryURL": "https://github.com/google/promises.git",
        "state": {
          "branch": null,
          "revision": "d8accebc8fa32f57196df191e733f946e955c549",
          "version": "1.2.11"
        }
      },
      {
        "package": "SFSafeSymbols",
        "repositoryURL": "https://github.com/piknotech/SFSafeSymbols",
        "state": {
          "branch": null,
          "revision": "31a99db357f2b839a18ab598c4aa87a741bd6009",
          "version": "1.2.0"
        }
      },
      {
        "package": "Stripe",
        "repositoryURL": "https://github.com/stripe/stripe-ios",
        "state": {
          "branch": null,
          "revision": "ce45d3715285eace0d4e5f072289904c7d332b23",
          "version": "20.1.1"
        }
      },
      {
        "package": "swift-nonempty",
        "repositoryURL": "https://github.com/pointfreeco/swift-nonempty",
        "state": {
          "branch": "main",
          "revision": "b4f37767336e4bb98bffa3e05fad579d91c2b2d4",
          "version": null
        }
      },
      {
        "package": "Tagged",
        "repositoryURL": "https://github.com/pointfreeco/swift-tagged",
        "state": {
          "branch": null,
          "revision": "592e1eb4255c571ebffc29955011e352217501b4",
          "version": "0.5.0"
        }
      },
      {
        "package": "Introspect",
        "repositoryURL": "https://github.com/siteline/SwiftUI-Introspect",
        "state": {
          "branch": null,
          "revision": "f1ec9da347a7fbe53c520d35434f6c2295650bd5",
          "version": "0.1.1"
        }
      },
      {
        "package": "SwiftUIMapView",
        "repositoryURL": "https://github.com/sgade/swiftui-mapview",
        "state": {
          "branch": null,
          "revision": "6620434bae01602d76832d4180b0124db2343e3c",
          "version": "1.2.1"
        }
      },
      {
        "package": "Then",
        "repositoryURL": "https://github.com/devxoul/Then",
        "state": {
          "branch": null,
          "revision": "e421a7b3440a271834337694e6050133a3958bc7",
          "version": "2.7.0"
        }
      },
      {
        "package": "Valet",
        "repositoryURL": "https://github.com/Square/Valet",
        "state": {
          "branch": null,
          "revision": "c9e7a1e5e0cb73f07cafb403c53c4922e22e5357",
          "version": "4.1.1"
        }
      },
      {
        "package": "ViewInspector",
        "repositoryURL": "https://github.com/nalexn/ViewInspector",
        "state": {
          "branch": null,
          "revision": "ace44b26e593423ceb9466df8072281f41da389d",
          "version": "0.4.1"
        }
      }
    ]
  },
  "version": 1
}
